// !$*UTF8*$!
{
	archiveVersion = 1;
	classes = {
	};
	objectVersion = 55;
	objects = {

/* Begin PBXBuildFile section */
		565587B3294ABE7C0010E060 /* Card.swift in Sources */ = {isa = PBXBuildFile; fileRef = 565587B2294ABE7B0010E060 /* Card.swift */; };
		565587B6294ACEFD0010E060 /* Browser.swift in Sources */ = {isa = PBXBuildFile; fileRef = 565587B5294ACEFD0010E060 /* Browser.swift */; };
		565587B8294AE7910010E060 /* FeedModel.swift in Sources */ = {isa = PBXBuildFile; fileRef = 565587B7294AE7910010E060 /* FeedModel.swift */; };
		565587BA294AE7980010E060 /* Post.swift in Sources */ = {isa = PBXBuildFile; fileRef = 565587B9294AE7980010E060 /* Post.swift */; };
		565587E1294B0CA60010E060 /* FeedView.swift in Sources */ = {isa = PBXBuildFile; fileRef = 565587E0294B0CA60010E060 /* FeedView.swift */; };
		565587E3294B0CCB0010E060 /* Constants.swift in Sources */ = {isa = PBXBuildFile; fileRef = 565587E2294B0CCB0010E060 /* Constants.swift */; };
		565587E5294B339F0010E060 /* StudentModel.swift in Sources */ = {isa = PBXBuildFile; fileRef = 565587E4294B339F0010E060 /* StudentModel.swift */; };
		565587E7294B43BD0010E060 /* HomeView.swift in Sources */ = {isa = PBXBuildFile; fileRef = 565587E6294B43BD0010E060 /* HomeView.swift */; };
		565587EA294B46900010E060 /* Localizable.strings in Resources */ = {isa = PBXBuildFile; fileRef = 565587EC294B46900010E060 /* Localizable.strings */; };
		565587F1294C4E5E0010E060 /* UstcUgAAS.swift in Sources */ = {isa = PBXBuildFile; fileRef = 565587F0294C4E5D0010E060 /* UstcUgAAS.swift */; };
		565587FE294D67D80010E060 /* SwiftUIAddons.swift in Sources */ = {isa = PBXBuildFile; fileRef = 565587FD294D67D80010E060 /* SwiftUIAddons.swift */; };
		56558801294D74BB0010E060 /* CASLogin.swift in Sources */ = {isa = PBXBuildFile; fileRef = 56558800294D74BB0010E060 /* CASLogin.swift */; };
		56558804294D93810010E060 /* FeaturesView.swift in Sources */ = {isa = PBXBuildFile; fileRef = 56558803294D93810010E060 /* FeaturesView.swift */; };
		56558809294DC9D40010E060 /* SettingsView.swift in Sources */ = {isa = PBXBuildFile; fileRef = 56558808294DC9D40010E060 /* SettingsView.swift */; };
		5655880B294DEA6B0010E060 /* UstcCAS.swift in Sources */ = {isa = PBXBuildFile; fileRef = 5655880A294DEA6B0010E060 /* UstcCAS.swift */; };
		56AC730B294A012F00A60F47 /* ContentView.swift in Sources */ = {isa = PBXBuildFile; fileRef = 56AC72FA294A012700A60F47 /* ContentView.swift */; };
		56AC730D294A012F00A60F47 /* Assets.xcassets in Resources */ = {isa = PBXBuildFile; fileRef = 56AC72FB294A012F00A60F47 /* Assets.xcassets */; };
		56D175B3294EAC5D0070778F /* PostModel.swift in Sources */ = {isa = PBXBuildFile; fileRef = 56D175B2294EAC5D0070778F /* PostModel.swift */; };
		56D175B8294F01EA0070778F /* FeedKit in Frameworks */ = {isa = PBXBuildFile; productRef = 56D175B7294F01EA0070778F /* FeedKit */; };
		56D175BA294FFE270070778F /* UserType.swift in Sources */ = {isa = PBXBuildFile; fileRef = 56D175B9294FFE270070778F /* UserType.swift */; };
		56D175BD295044FF0070778F /* SwiftyJSON in Frameworks */ = {isa = PBXBuildFile; productRef = 56D175BC295044FF0070778F /* SwiftyJSON */; };
		56D175C0295048A10070778F /* UstcUgTable.swift in Sources */ = {isa = PBXBuildFile; fileRef = 56D175BF295048A10070778F /* UstcUgTable.swift */; };
/* End PBXBuildFile section */

/* Begin PBXCopyFilesBuildPhase section */
		565587DF294AF61E0010E060 /* Embed Frameworks */ = {
			isa = PBXCopyFilesBuildPhase;
			buildActionMask = 2147483647;
			dstPath = "";
			dstSubfolderSpec = 10;
			files = (
			);
			name = "Embed Frameworks";
			runOnlyForDeploymentPostprocessing = 0;
		};
/* End PBXCopyFilesBuildPhase section */

/* Begin PBXFileReference section */
		565587B2294ABE7B0010E060 /* Card.swift */ = {isa = PBXFileReference; lastKnownFileType = sourcecode.swift; path = Card.swift; sourceTree = "<group>"; };
		565587B5294ACEFD0010E060 /* Browser.swift */ = {isa = PBXFileReference; lastKnownFileType = sourcecode.swift; path = Browser.swift; sourceTree = "<group>"; };
		565587B7294AE7910010E060 /* FeedModel.swift */ = {isa = PBXFileReference; lastKnownFileType = sourcecode.swift; path = FeedModel.swift; sourceTree = "<group>"; };
		565587B9294AE7980010E060 /* Post.swift */ = {isa = PBXFileReference; lastKnownFileType = sourcecode.swift; path = Post.swift; sourceTree = "<group>"; };
		565587E0294B0CA60010E060 /* FeedView.swift */ = {isa = PBXFileReference; lastKnownFileType = sourcecode.swift; path = FeedView.swift; sourceTree = "<group>"; };
		565587E2294B0CCB0010E060 /* Constants.swift */ = {isa = PBXFileReference; lastKnownFileType = sourcecode.swift; path = Constants.swift; sourceTree = "<group>"; };
		565587E4294B339F0010E060 /* StudentModel.swift */ = {isa = PBXFileReference; lastKnownFileType = sourcecode.swift; path = StudentModel.swift; sourceTree = "<group>"; };
		565587E6294B43BD0010E060 /* HomeView.swift */ = {isa = PBXFileReference; lastKnownFileType = sourcecode.swift; path = HomeView.swift; sourceTree = "<group>"; };
		565587EB294B46900010E060 /* en */ = {isa = PBXFileReference; lastKnownFileType = text.plist.strings; name = en; path = en.lproj/Localizable.strings; sourceTree = "<group>"; };
		565587EF294B46BB0010E060 /* zh-Hans */ = {isa = PBXFileReference; lastKnownFileType = text.plist.strings; name = "zh-Hans"; path = "zh-Hans.lproj/Localizable.strings"; sourceTree = "<group>"; };
		565587F0294C4E5D0010E060 /* UstcUgAAS.swift */ = {isa = PBXFileReference; lastKnownFileType = sourcecode.swift; path = UstcUgAAS.swift; sourceTree = "<group>"; };
		565587FD294D67D80010E060 /* SwiftUIAddons.swift */ = {isa = PBXFileReference; lastKnownFileType = sourcecode.swift; path = SwiftUIAddons.swift; sourceTree = "<group>"; };
		56558800294D74BB0010E060 /* CASLogin.swift */ = {isa = PBXFileReference; lastKnownFileType = sourcecode.swift; path = CASLogin.swift; sourceTree = "<group>"; };
		56558803294D93810010E060 /* FeaturesView.swift */ = {isa = PBXFileReference; lastKnownFileType = sourcecode.swift; path = FeaturesView.swift; sourceTree = "<group>"; };
		56558808294DC9D40010E060 /* SettingsView.swift */ = {isa = PBXFileReference; lastKnownFileType = sourcecode.swift; path = SettingsView.swift; sourceTree = "<group>"; };
		5655880A294DEA6B0010E060 /* UstcCAS.swift */ = {isa = PBXFileReference; lastKnownFileType = sourcecode.swift; path = UstcCAS.swift; sourceTree = "<group>"; };
		56AC72FA294A012700A60F47 /* ContentView.swift */ = {isa = PBXFileReference; lastKnownFileType = sourcecode.swift; path = ContentView.swift; sourceTree = "<group>"; };
		56AC72FB294A012F00A60F47 /* Assets.xcassets */ = {isa = PBXFileReference; lastKnownFileType = folder.assetcatalog; path = Assets.xcassets; sourceTree = "<group>"; };
		56AC7300294A012F00A60F47 /* Life@USTC.app */ = {isa = PBXFileReference; explicitFileType = wrapper.application; includeInIndex = 0; path = "Life@USTC.app"; sourceTree = BUILT_PRODUCTS_DIR; };
		56D175B2294EAC5D0070778F /* PostModel.swift */ = {isa = PBXFileReference; lastKnownFileType = sourcecode.swift; path = PostModel.swift; sourceTree = "<group>"; };
		56D175B9294FFE270070778F /* UserType.swift */ = {isa = PBXFileReference; fileEncoding = 4; lastKnownFileType = sourcecode.swift; path = UserType.swift; sourceTree = "<group>"; };
		56D175BF295048A10070778F /* UstcUgTable.swift */ = {isa = PBXFileReference; lastKnownFileType = sourcecode.swift; path = UstcUgTable.swift; sourceTree = "<group>"; };
/* End PBXFileReference section */

/* Begin PBXFrameworksBuildPhase section */
		56AC72FD294A012F00A60F47 /* Frameworks */ = {
			isa = PBXFrameworksBuildPhase;
			buildActionMask = 2147483647;
			files = (
				56D175BD295044FF0070778F /* SwiftyJSON in Frameworks */,
				56D175B8294F01EA0070778F /* FeedKit in Frameworks */,
			);
			runOnlyForDeploymentPostprocessing = 0;
		};
/* End PBXFrameworksBuildPhase section */

/* Begin PBXGroup section */
		565587F4294D632D0010E060 /* Views */ = {
			isa = PBXGroup;
			children = (
				56558803294D93810010E060 /* FeaturesView.swift */,
				565587E0294B0CA60010E060 /* FeedView.swift */,
				565587E6294B43BD0010E060 /* HomeView.swift */,
				56558808294DC9D40010E060 /* SettingsView.swift */,
				565587FF294D749C0010E060 /* Shared */,
				565587FC294D65E30010E060 /* General */,
				56D175BE295048340070778F /* Features */,
			);
			path = Views;
			sourceTree = "<group>";
		};
		565587F5294D635E0010E060 /* Models */ = {
			isa = PBXGroup;
			children = (
				565587F0294C4E5D0010E060 /* UstcUgAAS.swift */,
				565587E4294B339F0010E060 /* StudentModel.swift */,
				565587B7294AE7910010E060 /* FeedModel.swift */,
				5655880A294DEA6B0010E060 /* UstcCAS.swift */,
				56D175B2294EAC5D0070778F /* PostModel.swift */,
			);
			path = Models;
			sourceTree = "<group>";
		};
		565587FC294D65E30010E060 /* General */ = {
			isa = PBXGroup;
			children = (
				565587B5294ACEFD0010E060 /* Browser.swift */,
				565587B2294ABE7B0010E060 /* Card.swift */,
				565587B9294AE7980010E060 /* Post.swift */,
				565587FD294D67D80010E060 /* SwiftUIAddons.swift */,
			);
			path = General;
			sourceTree = "<group>";
		};
		565587FF294D749C0010E060 /* Shared */ = {
			isa = PBXGroup;
			children = (
				56558800294D74BB0010E060 /* CASLogin.swift */,
				56D175B9294FFE270070778F /* UserType.swift */,
			);
			path = Shared;
			sourceTree = "<group>";
		};
		56558802294D75100010E060 /* Assets */ = {
			isa = PBXGroup;
			children = (
				56AC72FB294A012F00A60F47 /* Assets.xcassets */,
				565587EC294B46900010E060 /* Localizable.strings */,
			);
			path = Assets;
			sourceTree = "<group>";
		};
		56AC72F3294A012600A60F47 = {
			isa = PBXGroup;
			children = (
				565587E2294B0CCB0010E060 /* Constants.swift */,
				56AC72FA294A012700A60F47 /* ContentView.swift */,
				56558802294D75100010E060 /* Assets */,
				565587F5294D635E0010E060 /* Models */,
				56AC7301294A012F00A60F47 /* Products */,
				565587F4294D632D0010E060 /* Views */,
			);
			sourceTree = "<group>";
		};
		56AC7301294A012F00A60F47 /* Products */ = {
			isa = PBXGroup;
			children = (
				56AC7300294A012F00A60F47 /* Life@USTC.app */,
			);
			name = Products;
			sourceTree = "<group>";
		};
		56D175BE295048340070778F /* Features */ = {
			isa = PBXGroup;
			children = (
				56D175BF295048A10070778F /* UstcUgTable.swift */,
			);
			path = Features;
			sourceTree = "<group>";
		};
/* End PBXGroup section */

/* Begin PBXNativeTarget section */
		56AC72FF294A012F00A60F47 /* Life@USTC (iOS) */ = {
			isa = PBXNativeTarget;
			buildConfigurationList = 56AC7311294A012F00A60F47 /* Build configuration list for PBXNativeTarget "Life@USTC (iOS)" */;
			buildPhases = (
				56AC72FC294A012F00A60F47 /* Sources */,
				56AC72FD294A012F00A60F47 /* Frameworks */,
				56AC72FE294A012F00A60F47 /* Resources */,
				565587DF294AF61E0010E060 /* Embed Frameworks */,
			);
			buildRules = (
			);
			dependencies = (
			);
			name = "Life@USTC (iOS)";
			packageProductDependencies = (
				56D175B7294F01EA0070778F /* FeedKit */,
				56D175BC295044FF0070778F /* SwiftyJSON */,
			);
			productName = "Life@USTC (iOS)";
			productReference = 56AC7300294A012F00A60F47 /* Life@USTC.app */;
			productType = "com.apple.product-type.application";
		};
/* End PBXNativeTarget section */

/* Begin PBXProject section */
		56AC72F4294A012600A60F47 /* Project object */ = {
			isa = PBXProject;
			attributes = {
				BuildIndependentTargetsInParallel = 1;
				LastSwiftUpdateCheck = 1320;
				LastUpgradeCheck = 1410;
				TargetAttributes = {
					56AC72FF294A012F00A60F47 = {
						CreatedOnToolsVersion = 13.2.1;
					};
				};
			};
			buildConfigurationList = 56AC72F7294A012600A60F47 /* Build configuration list for PBXProject "Life@USTC" */;
			compatibilityVersion = "Xcode 13.0";
			developmentRegion = en;
			hasScannedForEncodings = 0;
			knownRegions = (
				en,
				Base,
				"zh-Hans",
			);
			mainGroup = 56AC72F3294A012600A60F47;
			packageReferences = (
				56D175B6294F01EA0070778F /* XCRemoteSwiftPackageReference "FeedKit" */,
				56D175BB295044FF0070778F /* XCRemoteSwiftPackageReference "SwiftyJSON" */,
			);
			productRefGroup = 56AC7301294A012F00A60F47 /* Products */;
			projectDirPath = "";
			projectRoot = "";
			targets = (
				56AC72FF294A012F00A60F47 /* Life@USTC (iOS) */,
			);
		};
/* End PBXProject section */

/* Begin PBXResourcesBuildPhase section */
		56AC72FE294A012F00A60F47 /* Resources */ = {
			isa = PBXResourcesBuildPhase;
			buildActionMask = 2147483647;
			files = (
				56AC730D294A012F00A60F47 /* Assets.xcassets in Resources */,
				565587EA294B46900010E060 /* Localizable.strings in Resources */,
			);
			runOnlyForDeploymentPostprocessing = 0;
		};
/* End PBXResourcesBuildPhase section */

/* Begin PBXSourcesBuildPhase section */
		56AC72FC294A012F00A60F47 /* Sources */ = {
			isa = PBXSourcesBuildPhase;
			buildActionMask = 2147483647;
			files = (
				56558809294DC9D40010E060 /* SettingsView.swift in Sources */,
				56D175C0295048A10070778F /* UstcUgTable.swift in Sources */,
				565587E1294B0CA60010E060 /* FeedView.swift in Sources */,
				56558804294D93810010E060 /* FeaturesView.swift in Sources */,
				56D175B3294EAC5D0070778F /* PostModel.swift in Sources */,
				56558801294D74BB0010E060 /* CASLogin.swift in Sources */,
				565587FE294D67D80010E060 /* SwiftUIAddons.swift in Sources */,
				565587E5294B339F0010E060 /* StudentModel.swift in Sources */,
				565587B6294ACEFD0010E060 /* Browser.swift in Sources */,
				565587E7294B43BD0010E060 /* HomeView.swift in Sources */,
				565587BA294AE7980010E060 /* Post.swift in Sources */,
				56AC730B294A012F00A60F47 /* ContentView.swift in Sources */,
				565587B8294AE7910010E060 /* FeedModel.swift in Sources */,
				565587F1294C4E5E0010E060 /* UstcUgAAS.swift in Sources */,
				56D175BA294FFE270070778F /* UserType.swift in Sources */,
				565587B3294ABE7C0010E060 /* Card.swift in Sources */,
				5655880B294DEA6B0010E060 /* UstcCAS.swift in Sources */,
				565587E3294B0CCB0010E060 /* Constants.swift in Sources */,
			);
			runOnlyForDeploymentPostprocessing = 0;
		};
/* End PBXSourcesBuildPhase section */

/* Begin PBXVariantGroup section */
		565587EC294B46900010E060 /* Localizable.strings */ = {
			isa = PBXVariantGroup;
			children = (
				565587EB294B46900010E060 /* en */,
				565587EF294B46BB0010E060 /* zh-Hans */,
			);
			name = Localizable.strings;
			sourceTree = "<group>";
		};
/* End PBXVariantGroup section */

/* Begin XCBuildConfiguration section */
		56AC730F294A012F00A60F47 /* Debug */ = {
			isa = XCBuildConfiguration;
			buildSettings = {
				ALWAYS_SEARCH_USER_PATHS = NO;
				CLANG_ANALYZER_LOCALIZABILITY_NONLOCALIZED = YES;
				CLANG_ANALYZER_NONNULL = YES;
				CLANG_ANALYZER_NUMBER_OBJECT_CONVERSION = YES_AGGRESSIVE;
				CLANG_CXX_LANGUAGE_STANDARD = "gnu++17";
				CLANG_CXX_LIBRARY = "libc++";
				CLANG_ENABLE_MODULES = YES;
				CLANG_ENABLE_OBJC_ARC = YES;
				CLANG_ENABLE_OBJC_WEAK = YES;
				CLANG_WARN_BLOCK_CAPTURE_AUTORELEASING = YES;
				CLANG_WARN_BOOL_CONVERSION = YES;
				CLANG_WARN_COMMA = YES;
				CLANG_WARN_CONSTANT_CONVERSION = YES;
				CLANG_WARN_DEPRECATED_OBJC_IMPLEMENTATIONS = YES;
				CLANG_WARN_DIRECT_OBJC_ISA_USAGE = YES_ERROR;
				CLANG_WARN_DOCUMENTATION_COMMENTS = YES;
				CLANG_WARN_EMPTY_BODY = YES;
				CLANG_WARN_ENUM_CONVERSION = YES;
				CLANG_WARN_INFINITE_RECURSION = YES;
				CLANG_WARN_INT_CONVERSION = YES;
				CLANG_WARN_NON_LITERAL_NULL_CONVERSION = YES;
				CLANG_WARN_OBJC_IMPLICIT_RETAIN_SELF = YES;
				CLANG_WARN_OBJC_LITERAL_CONVERSION = YES;
				CLANG_WARN_OBJC_ROOT_CLASS = YES_ERROR;
				CLANG_WARN_QUOTED_INCLUDE_IN_FRAMEWORK_HEADER = YES;
				CLANG_WARN_RANGE_LOOP_ANALYSIS = YES;
				CLANG_WARN_STRICT_PROTOTYPES = YES;
				CLANG_WARN_SUSPICIOUS_MOVE = YES;
				CLANG_WARN_UNGUARDED_AVAILABILITY = YES_AGGRESSIVE;
				CLANG_WARN_UNREACHABLE_CODE = YES;
				CLANG_WARN__DUPLICATE_METHOD_MATCH = YES;
				COPY_PHASE_STRIP = NO;
				DEAD_CODE_STRIPPING = YES;
				DEBUG_INFORMATION_FORMAT = dwarf;
				ENABLE_STRICT_OBJC_MSGSEND = YES;
				ENABLE_TESTABILITY = YES;
				GCC_C_LANGUAGE_STANDARD = gnu11;
				GCC_DYNAMIC_NO_PIC = NO;
				GCC_NO_COMMON_BLOCKS = YES;
				GCC_OPTIMIZATION_LEVEL = 0;
				GCC_PREPROCESSOR_DEFINITIONS = (
					"DEBUG=1",
					"$(inherited)",
				);
				GCC_WARN_64_TO_32_BIT_CONVERSION = YES;
				GCC_WARN_ABOUT_RETURN_TYPE = YES_ERROR;
				GCC_WARN_UNDECLARED_SELECTOR = YES;
				GCC_WARN_UNINITIALIZED_AUTOS = YES_AGGRESSIVE;
				GCC_WARN_UNUSED_FUNCTION = YES;
				GCC_WARN_UNUSED_VARIABLE = YES;
				IPHONEOS_DEPLOYMENT_TARGET = 16.1;
				MACOSX_DEPLOYMENT_TARGET = 12.0;
				MTL_ENABLE_DEBUG_INFO = INCLUDE_SOURCE;
				MTL_FAST_MATH = YES;
				ONLY_ACTIVE_ARCH = YES;
				SDKROOT = iphoneos;
				SWIFT_ACTIVE_COMPILATION_CONDITIONS = DEBUG;
				SWIFT_OPTIMIZATION_LEVEL = "-Onone";
			};
			name = Debug;
		};
		56AC7310294A012F00A60F47 /* Release */ = {
			isa = XCBuildConfiguration;
			buildSettings = {
				ALWAYS_SEARCH_USER_PATHS = NO;
				CLANG_ANALYZER_LOCALIZABILITY_NONLOCALIZED = YES;
				CLANG_ANALYZER_NONNULL = YES;
				CLANG_ANALYZER_NUMBER_OBJECT_CONVERSION = YES_AGGRESSIVE;
				CLANG_CXX_LANGUAGE_STANDARD = "gnu++17";
				CLANG_CXX_LIBRARY = "libc++";
				CLANG_ENABLE_MODULES = YES;
				CLANG_ENABLE_OBJC_ARC = YES;
				CLANG_ENABLE_OBJC_WEAK = YES;
				CLANG_WARN_BLOCK_CAPTURE_AUTORELEASING = YES;
				CLANG_WARN_BOOL_CONVERSION = YES;
				CLANG_WARN_COMMA = YES;
				CLANG_WARN_CONSTANT_CONVERSION = YES;
				CLANG_WARN_DEPRECATED_OBJC_IMPLEMENTATIONS = YES;
				CLANG_WARN_DIRECT_OBJC_ISA_USAGE = YES_ERROR;
				CLANG_WARN_DOCUMENTATION_COMMENTS = YES;
				CLANG_WARN_EMPTY_BODY = YES;
				CLANG_WARN_ENUM_CONVERSION = YES;
				CLANG_WARN_INFINITE_RECURSION = YES;
				CLANG_WARN_INT_CONVERSION = YES;
				CLANG_WARN_NON_LITERAL_NULL_CONVERSION = YES;
				CLANG_WARN_OBJC_IMPLICIT_RETAIN_SELF = YES;
				CLANG_WARN_OBJC_LITERAL_CONVERSION = YES;
				CLANG_WARN_OBJC_ROOT_CLASS = YES_ERROR;
				CLANG_WARN_QUOTED_INCLUDE_IN_FRAMEWORK_HEADER = YES;
				CLANG_WARN_RANGE_LOOP_ANALYSIS = YES;
				CLANG_WARN_STRICT_PROTOTYPES = YES;
				CLANG_WARN_SUSPICIOUS_MOVE = YES;
				CLANG_WARN_UNGUARDED_AVAILABILITY = YES_AGGRESSIVE;
				CLANG_WARN_UNREACHABLE_CODE = YES;
				CLANG_WARN__DUPLICATE_METHOD_MATCH = YES;
				COPY_PHASE_STRIP = NO;
				DEAD_CODE_STRIPPING = YES;
				DEBUG_INFORMATION_FORMAT = "dwarf-with-dsym";
				ENABLE_NS_ASSERTIONS = NO;
				ENABLE_STRICT_OBJC_MSGSEND = YES;
				GCC_C_LANGUAGE_STANDARD = gnu11;
				GCC_NO_COMMON_BLOCKS = YES;
				GCC_WARN_64_TO_32_BIT_CONVERSION = YES;
				GCC_WARN_ABOUT_RETURN_TYPE = YES_ERROR;
				GCC_WARN_UNDECLARED_SELECTOR = YES;
				GCC_WARN_UNINITIALIZED_AUTOS = YES_AGGRESSIVE;
				GCC_WARN_UNUSED_FUNCTION = YES;
				GCC_WARN_UNUSED_VARIABLE = YES;
				IPHONEOS_DEPLOYMENT_TARGET = 16.1;
				MACOSX_DEPLOYMENT_TARGET = 12.0;
				MTL_ENABLE_DEBUG_INFO = NO;
				MTL_FAST_MATH = YES;
				SDKROOT = iphoneos;
				SWIFT_COMPILATION_MODE = wholemodule;
				SWIFT_OPTIMIZATION_LEVEL = "-O";
			};
			name = Release;
		};
		56AC7312294A012F00A60F47 /* Debug */ = {
			isa = XCBuildConfiguration;
			buildSettings = {
				ASSETCATALOG_COMPILER_APPICON_NAME = AppIcon;
				ASSETCATALOG_COMPILER_GLOBAL_ACCENT_COLOR_NAME = AccentColor;
				CODE_SIGN_STYLE = Automatic;
				CURRENT_PROJECT_VERSION = 1;
				DEVELOPMENT_TEAM = VUW8FV5HN5;
				ENABLE_PREVIEWS = YES;
				GENERATE_INFOPLIST_FILE = YES;
				INFOPLIST_FILE = "Life-USTC--iOS--Info.plist";
				INFOPLIST_KEY_LSApplicationCategoryType = "";
				INFOPLIST_KEY_UIApplicationSceneManifest_Generation = YES;
				INFOPLIST_KEY_UIApplicationSupportsIndirectInputEvents = YES;
				INFOPLIST_KEY_UILaunchScreen_Generation = YES;
				INFOPLIST_KEY_UISupportedInterfaceOrientations_iPad = "UIInterfaceOrientationPortrait UIInterfaceOrientationPortraitUpsideDown UIInterfaceOrientationLandscapeLeft UIInterfaceOrientationLandscapeRight";
				INFOPLIST_KEY_UISupportedInterfaceOrientations_iPhone = "UIInterfaceOrientationPortrait UIInterfaceOrientationLandscapeLeft UIInterfaceOrientationLandscapeRight";
				IPHONEOS_DEPLOYMENT_TARGET = 16.0;
				LD_RUNPATH_SEARCH_PATHS = (
					"$(inherited)",
					"@executable_path/Frameworks",
				);
				MARKETING_VERSION = 0.0;
				PRODUCT_BUNDLE_IDENTIFIER = "dev.tiankaima.Life-USTC";
				PRODUCT_NAME = "Life@USTC";
				SDKROOT = iphoneos;
				SWIFT_EMIT_LOC_STRINGS = YES;
				SWIFT_VERSION = 5.0;
				TARGETED_DEVICE_FAMILY = "1,2";
			};
			name = Debug;
		};
		56AC7313294A012F00A60F47 /* Release */ = {
			isa = XCBuildConfiguration;
			buildSettings = {
				ASSETCATALOG_COMPILER_APPICON_NAME = AppIcon;
				ASSETCATALOG_COMPILER_GLOBAL_ACCENT_COLOR_NAME = AccentColor;
				CODE_SIGN_STYLE = Automatic;
				CURRENT_PROJECT_VERSION = 1;
				DEVELOPMENT_TEAM = VUW8FV5HN5;
				ENABLE_PREVIEWS = YES;
				GENERATE_INFOPLIST_FILE = YES;
				INFOPLIST_FILE = "Life-USTC--iOS--Info.plist";
				INFOPLIST_KEY_LSApplicationCategoryType = "";
				INFOPLIST_KEY_UIApplicationSceneManifest_Generation = YES;
				INFOPLIST_KEY_UIApplicationSupportsIndirectInputEvents = YES;
				INFOPLIST_KEY_UILaunchScreen_Generation = YES;
				INFOPLIST_KEY_UISupportedInterfaceOrientations_iPad = "UIInterfaceOrientationPortrait UIInterfaceOrientationPortraitUpsideDown UIInterfaceOrientationLandscapeLeft UIInterfaceOrientationLandscapeRight";
				INFOPLIST_KEY_UISupportedInterfaceOrientations_iPhone = "UIInterfaceOrientationPortrait UIInterfaceOrientationLandscapeLeft UIInterfaceOrientationLandscapeRight";
				IPHONEOS_DEPLOYMENT_TARGET = 16.0;
				LD_RUNPATH_SEARCH_PATHS = (
					"$(inherited)",
					"@executable_path/Frameworks",
				);
				MARKETING_VERSION = 0.0;
				PRODUCT_BUNDLE_IDENTIFIER = "dev.tiankaima.Life-USTC";
				PRODUCT_NAME = "Life@USTC";
				SDKROOT = iphoneos;
				SWIFT_EMIT_LOC_STRINGS = YES;
				SWIFT_VERSION = 5.0;
				TARGETED_DEVICE_FAMILY = "1,2";
				VALIDATE_PRODUCT = YES;
			};
			name = Release;
		};
/* End XCBuildConfiguration section */

/* Begin XCConfigurationList section */
		56AC72F7294A012600A60F47 /* Build configuration list for PBXProject "Life@USTC" */ = {
			isa = XCConfigurationList;
			buildConfigurations = (
				56AC730F294A012F00A60F47 /* Debug */,
				56AC7310294A012F00A60F47 /* Release */,
			);
			defaultConfigurationIsVisible = 0;
			defaultConfigurationName = Release;
		};
		56AC7311294A012F00A60F47 /* Build configuration list for PBXNativeTarget "Life@USTC (iOS)" */ = {
			isa = XCConfigurationList;
			buildConfigurations = (
				56AC7312294A012F00A60F47 /* Debug */,
				56AC7313294A012F00A60F47 /* Release */,
			);
			defaultConfigurationIsVisible = 0;
			defaultConfigurationName = Release;
		};
/* End XCConfigurationList section */

/* Begin XCRemoteSwiftPackageReference section */
		56D175B6294F01EA0070778F /* XCRemoteSwiftPackageReference "FeedKit" */ = {
			isa = XCRemoteSwiftPackageReference;
			repositoryURL = "https://github.com/nmdias/FeedKit";
			requirement = {
				kind = upToNextMajorVersion;
				minimumVersion = 9.0.0;
			};
		};
		56D175BB295044FF0070778F /* XCRemoteSwiftPackageReference "SwiftyJSON" */ = {
			isa = XCRemoteSwiftPackageReference;
			repositoryURL = "https://github.com/SwiftyJSON/SwiftyJSON";
			requirement = {
				kind = upToNextMajorVersion;
				minimumVersion = 5.0.0;
			};
		};
/* End XCRemoteSwiftPackageReference section */

/* Begin XCSwiftPackageProductDependency section */
		56D175B7294F01EA0070778F /* FeedKit */ = {
			isa = XCSwiftPackageProductDependency;
			package = 56D175B6294F01EA0070778F /* XCRemoteSwiftPackageReference "FeedKit" */;
			productName = FeedKit;
		};
		56D175BC295044FF0070778F /* SwiftyJSON */ = {
			isa = XCSwiftPackageProductDependency;
			package = 56D175BB295044FF0070778F /* XCRemoteSwiftPackageReference "SwiftyJSON" */;
			productName = SwiftyJSON;
		};
/* End XCSwiftPackageProductDependency section */
	};
	rootObject = 56AC72F4294A012600A60F47 /* Project object */;
}
