// !$*UTF8*$!
{
	archiveVersion = 1;
	classes = {
	};
	objectVersion = 55;
	objects = {

/* Begin PBXBuildFile section */
		1E7A739C0C452BC861A44FFF /* libXG-SDK-Cloud.a in Frameworks */ = {isa = PBXBuildFile; fileRef = 9CB931C89AE5CEF78AFE42B1 /* libXG-SDK-Cloud.a */; settings = {ATTRIBUTES = (Weak, ); }; };
		299CC5634936A26A0F10C17F /* NotificationService.m in Sources */ = {isa = PBXBuildFile; fileRef = 327F6A0F98EF6EBD4399EE0D /* NotificationService.m */; };
		56112707298126C100BB66EE /* Introspect in Frameworks */ = {isa = PBXBuildFile; productRef = 56112706298126C100BB66EE /* Introspect */; };
		5611272229813A1700BB66EE /* Introspect in Frameworks */ = {isa = PBXBuildFile; productRef = 5611272129813A1700BB66EE /* Introspect */; };
		5611272329813AAC00BB66EE /* Widget iOS.appex in Embed Foundation Extensions */ = {isa = PBXBuildFile; fileRef = 56FA8E75297D7263000AC3A9 /* Widget iOS.appex */; platformFilter = ios; settings = {ATTRIBUTES = (RemoveHeadersOnCopy, ); }; };
		561127FE298148E900BB66EE /* WidgetKit.framework in Frameworks */ = {isa = PBXBuildFile; fileRef = 56FA8E76297D7263000AC3A9 /* WidgetKit.framework */; };
		561127FF298148E900BB66EE /* SwiftUI.framework in Frameworks */ = {isa = PBXBuildFile; fileRef = 56FA8E78297D7263000AC3A9 /* SwiftUI.framework */; };
		5611280F298149EF00BB66EE /* Widget.intentdefinition in Sources */ = {isa = PBXBuildFile; fileRef = 56FA8E81297D7264000AC3A9 /* Widget.intentdefinition */; };
		56112810298149F200BB66EE /* ExamWidget.swift in Sources */ = {isa = PBXBuildFile; fileRef = 56FA8E7F297D7263000AC3A9 /* ExamWidget.swift */; };
		56112811298149F400BB66EE /* WidgetBundle.swift in Sources */ = {isa = PBXBuildFile; fileRef = 56FA8E7B297D7263000AC3A9 /* WidgetBundle.swift */; };
		56112812298149F700BB66EE /* Localizable.strings in Resources */ = {isa = PBXBuildFile; fileRef = 569CFE52297EBD240072C094 /* Localizable.strings */; };
		56112813298149FA00BB66EE /* Assets.xcassets in Resources */ = {isa = PBXBuildFile; fileRef = 56FA8E82297D7264000AC3A9 /* Assets.xcassets */; };
		5611281429814AED00BB66EE /* Exam.swift in Sources */ = {isa = PBXBuildFile; fileRef = 56F3EAD5296EB3B70095AEF4 /* Exam.swift */; };
		5611281529814AED00BB66EE /* UstcCatalog.swift in Sources */ = {isa = PBXBuildFile; fileRef = 56E8AD6F2973D0DB009006D0 /* UstcCatalog.swift */; };
		5611281629814AED00BB66EE /* CourseScore.swift in Sources */ = {isa = PBXBuildFile; fileRef = 56E8AD69296FE880009006D0 /* CourseScore.swift */; };
		5611281729814AED00BB66EE /* UstcCAS.swift in Sources */ = {isa = PBXBuildFile; fileRef = 5655880A294DEA6B0010E060 /* UstcCAS.swift */; };
		5611281829814AED00BB66EE /* UstcUgAAS.swift in Sources */ = {isa = PBXBuildFile; fileRef = 565587F0294C4E5D0010E060 /* UstcUgAAS.swift */; };
		5611281929814AED00BB66EE /* Course.swift in Sources */ = {isa = PBXBuildFile; fileRef = 5694D91729668191009CFCDF /* Course.swift */; };
		5611281A29814B1300BB66EE /* SwiftExtension.swift in Sources */ = {isa = PBXBuildFile; fileRef = 56BE91FA296677A300822C98 /* SwiftExtension.swift */; };
		5611281B29814B1300BB66EE /* Constants.swift in Sources */ = {isa = PBXBuildFile; fileRef = 56143F6A295EDEA5008CE454 /* Constants.swift */; };
		5611281C29814B1300BB66EE /* AsyncCalls.swift in Sources */ = {isa = PBXBuildFile; fileRef = 56143F6C295EE47A008CE454 /* AsyncCalls.swift */; };
		5611281D29814B1300BB66EE /* DateExtension.swift in Sources */ = {isa = PBXBuildFile; fileRef = 5621691B2955BEC500DF46BE /* DateExtension.swift */; };
		5611281E29814B1300BB66EE /* UUIDExtension.swift in Sources */ = {isa = PBXBuildFile; fileRef = 56BE91F22962F77800822C98 /* UUIDExtension.swift */; };
		5611281F29814B1300BB66EE /* ExceptionCalls.swift in Sources */ = {isa = PBXBuildFile; fileRef = 56BE91F62963EF1600822C98 /* ExceptionCalls.swift */; };
		5611282229814B7B00BB66EE /* FeedKit in Frameworks */ = {isa = PBXBuildFile; productRef = 5611282129814B7B00BB66EE /* FeedKit */; };
		5611282429814B7B00BB66EE /* SwiftyJSON in Frameworks */ = {isa = PBXBuildFile; productRef = 5611282329814B7B00BB66EE /* SwiftyJSON */; };
		5611282629814B7B00BB66EE /* SwiftFormat in Frameworks */ = {isa = PBXBuildFile; productRef = 5611282529814B7B00BB66EE /* SwiftFormat */; };
		5611282829814B7B00BB66EE /* SwiftSoup in Frameworks */ = {isa = PBXBuildFile; productRef = 5611282729814B7B00BB66EE /* SwiftSoup */; };
		5611282A29814B7B00BB66EE /* Reeeed in Frameworks */ = {isa = PBXBuildFile; productRef = 5611282929814B7B00BB66EE /* Reeeed */; };
		5611282C29814B7B00BB66EE /* Introspect in Frameworks */ = {isa = PBXBuildFile; productRef = 5611282B29814B7B00BB66EE /* Introspect */; };
		5611282D29814CDA00BB66EE /* Widget macOS.appex in Embed Foundation Extensions */ = {isa = PBXBuildFile; fileRef = 561127FD298148E900BB66EE /* Widget macOS.appex */; platformFilters = (macos, ); settings = {ATTRIBUTES = (RemoveHeadersOnCopy, ); }; };
		56128F50298D38FE0080A9F7 /* UstcWeixin.swift in Sources */ = {isa = PBXBuildFile; fileRef = 56128F4F298D38FE0080A9F7 /* UstcWeixin.swift */; };
		56128F51298D38FE0080A9F7 /* UstcWeixin.swift in Sources */ = {isa = PBXBuildFile; fileRef = 56128F4F298D38FE0080A9F7 /* UstcWeixin.swift */; };
		56128F52298D38FE0080A9F7 /* UstcWeixin.swift in Sources */ = {isa = PBXBuildFile; fileRef = 56128F4F298D38FE0080A9F7 /* UstcWeixin.swift */; };
		56128F54298D3D2D0080A9F7 /* HealthCheck.swift in Sources */ = {isa = PBXBuildFile; fileRef = 56128F53298D3D2D0080A9F7 /* HealthCheck.swift */; };
		56128F59298D45030080A9F7 /* HealthCheckPreview.swift in Sources */ = {isa = PBXBuildFile; fileRef = 56128F58298D45030080A9F7 /* HealthCheckPreview.swift */; };
		56143F6B295EDEA5008CE454 /* Constants.swift in Sources */ = {isa = PBXBuildFile; fileRef = 56143F6A295EDEA5008CE454 /* Constants.swift */; };
		56143F6D295EE47A008CE454 /* AsyncCalls.swift in Sources */ = {isa = PBXBuildFile; fileRef = 56143F6C295EE47A008CE454 /* AsyncCalls.swift */; };
		5621691C2955BEC500DF46BE /* DateExtension.swift in Sources */ = {isa = PBXBuildFile; fileRef = 5621691B2955BEC500DF46BE /* DateExtension.swift */; };
		5621691E2955BECA00DF46BE /* UserType.swift in Sources */ = {isa = PBXBuildFile; fileRef = 5621691D2955BECA00DF46BE /* UserType.swift */; };
		562169222955BEDE00DF46BE /* ContentView.swift in Sources */ = {isa = PBXBuildFile; fileRef = 562169212955BEDE00DF46BE /* ContentView.swift */; };
		562169242955BEF900DF46BE /* UserTypeView.swift in Sources */ = {isa = PBXBuildFile; fileRef = 562169232955BEF900DF46BE /* UserTypeView.swift */; };
		562169262956D49E00DF46BE /* FeedHScrollView.swift in Sources */ = {isa = PBXBuildFile; fileRef = 562169252956D49E00DF46BE /* FeedHScrollView.swift */; };
		565587B3294ABE7C0010E060 /* Card.swift in Sources */ = {isa = PBXBuildFile; fileRef = 565587B2294ABE7B0010E060 /* Card.swift */; };
		565587B6294ACEFD0010E060 /* Browser.swift in Sources */ = {isa = PBXBuildFile; fileRef = 565587B5294ACEFD0010E060 /* Browser.swift */; };
		565587B8294AE7910010E060 /* Feed.swift in Sources */ = {isa = PBXBuildFile; fileRef = 565587B7294AE7910010E060 /* Feed.swift */; };
		565587E7294B43BD0010E060 /* HomeView.swift in Sources */ = {isa = PBXBuildFile; fileRef = 565587E6294B43BD0010E060 /* HomeView.swift */; };
		565587EA294B46900010E060 /* Localizable.strings in Resources */ = {isa = PBXBuildFile; fileRef = 565587EC294B46900010E060 /* Localizable.strings */; };
		565587F1294C4E5E0010E060 /* UstcUgAAS.swift in Sources */ = {isa = PBXBuildFile; fileRef = 565587F0294C4E5D0010E060 /* UstcUgAAS.swift */; };
		565587FE294D67D80010E060 /* SwiftUIExtension.swift in Sources */ = {isa = PBXBuildFile; fileRef = 565587FD294D67D80010E060 /* SwiftUIExtension.swift */; };
		56558801294D74BB0010E060 /* CASLoginView.swift in Sources */ = {isa = PBXBuildFile; fileRef = 56558800294D74BB0010E060 /* CASLoginView.swift */; };
		56558804294D93810010E060 /* FeaturesView.swift in Sources */ = {isa = PBXBuildFile; fileRef = 56558803294D93810010E060 /* FeaturesView.swift */; };
		56558809294DC9D40010E060 /* SettingsView.swift in Sources */ = {isa = PBXBuildFile; fileRef = 56558808294DC9D40010E060 /* SettingsView.swift */; };
		565A11B829FF565E00310C8B /* WelcomeView.swift in Sources */ = {isa = PBXBuildFile; fileRef = 565A11B729FF565E00310C8B /* WelcomeView.swift */; };
		56734CDF297D86C600DBB45F /* UstcCAS.swift in Sources */ = {isa = PBXBuildFile; fileRef = 5655880A294DEA6B0010E060 /* UstcCAS.swift */; };
		56734CE5297D86F200DBB45F /* UstcCAS.swift in Sources */ = {isa = PBXBuildFile; fileRef = 5655880A294DEA6B0010E060 /* UstcCAS.swift */; };
		56734CE6297D86F200DBB45F /* Course.swift in Sources */ = {isa = PBXBuildFile; fileRef = 5694D91729668191009CFCDF /* Course.swift */; };
		56734CE7297D86F200DBB45F /* Exam.swift in Sources */ = {isa = PBXBuildFile; fileRef = 56F3EAD5296EB3B70095AEF4 /* Exam.swift */; };
		56734CE8297D86F200DBB45F /* CourseScore.swift in Sources */ = {isa = PBXBuildFile; fileRef = 56E8AD69296FE880009006D0 /* CourseScore.swift */; };
		56734CE9297D86F200DBB45F /* UstcCatalog.swift in Sources */ = {isa = PBXBuildFile; fileRef = 56E8AD6F2973D0DB009006D0 /* UstcCatalog.swift */; };
		56734CEA297D86F200DBB45F /* UstcUgAAS.swift in Sources */ = {isa = PBXBuildFile; fileRef = 565587F0294C4E5D0010E060 /* UstcUgAAS.swift */; };
		56734CEB297D871500DBB45F /* SwiftExtension.swift in Sources */ = {isa = PBXBuildFile; fileRef = 56BE91FA296677A300822C98 /* SwiftExtension.swift */; };
		56734CEC297D871500DBB45F /* AsyncCalls.swift in Sources */ = {isa = PBXBuildFile; fileRef = 56143F6C295EE47A008CE454 /* AsyncCalls.swift */; };
		56734CED297D871500DBB45F /* DateExtension.swift in Sources */ = {isa = PBXBuildFile; fileRef = 5621691B2955BEC500DF46BE /* DateExtension.swift */; };
		56734CEE297D871500DBB45F /* ExceptionCalls.swift in Sources */ = {isa = PBXBuildFile; fileRef = 56BE91F62963EF1600822C98 /* ExceptionCalls.swift */; };
		56734CEF297D871500DBB45F /* Constants.swift in Sources */ = {isa = PBXBuildFile; fileRef = 56143F6A295EDEA5008CE454 /* Constants.swift */; };
		56734CF0297D871500DBB45F /* UUIDExtension.swift in Sources */ = {isa = PBXBuildFile; fileRef = 56BE91F22962F77800822C98 /* UUIDExtension.swift */; };
		567FA93129D083180003050F /* AppPage.swift in Sources */ = {isa = PBXBuildFile; fileRef = 567FA93029D083180003050F /* AppPage.swift */; };
		5694D91829668191009CFCDF /* Course.swift in Sources */ = {isa = PBXBuildFile; fileRef = 5694D91729668191009CFCDF /* Course.swift */; };
		569CFE44297D87620072C094 /* SwiftyJSON in Frameworks */ = {isa = PBXBuildFile; productRef = 569CFE43297D87620072C094 /* SwiftyJSON */; };
		569CFE46297D87640072C094 /* SwiftFormat in Frameworks */ = {isa = PBXBuildFile; productRef = 569CFE45297D87640072C094 /* SwiftFormat */; };
		569CFE48297D87660072C094 /* SwiftSoup in Frameworks */ = {isa = PBXBuildFile; productRef = 569CFE47297D87660072C094 /* SwiftSoup */; };
		569CFE4A297D87690072C094 /* Reeeed in Frameworks */ = {isa = PBXBuildFile; productRef = 569CFE49297D87690072C094 /* Reeeed */; };
		569CFE50297EBD240072C094 /* Localizable.strings in Resources */ = {isa = PBXBuildFile; fileRef = 569CFE52297EBD240072C094 /* Localizable.strings */; };
		56A3B86C29A889B500BFE64F /* Navigation.swift in Sources */ = {isa = PBXBuildFile; fileRef = 56A3B86B29A889B500BFE64F /* Navigation.swift */; };
		56A3B86E29A889D100BFE64F /* AsyncView.swift in Sources */ = {isa = PBXBuildFile; fileRef = 56A3B86D29A889D100BFE64F /* AsyncView.swift */; };
		56A3B86F29A88A5600BFE64F /* SwiftUIExtension.swift in Sources */ = {isa = PBXBuildFile; fileRef = 565587FD294D67D80010E060 /* SwiftUIExtension.swift */; };
		56A3B87029A88A5600BFE64F /* SwiftUIExtension.swift in Sources */ = {isa = PBXBuildFile; fileRef = 565587FD294D67D80010E060 /* SwiftUIExtension.swift */; };
		56A3B87529A8B86700BFE64F /* ExamDelegate.swift in Sources */ = {isa = PBXBuildFile; fileRef = 56A3B87429A8B86700BFE64F /* ExamDelegate.swift */; };
		56A3B87629A8B88400BFE64F /* ExamDelegate.swift in Sources */ = {isa = PBXBuildFile; fileRef = 56A3B87429A8B86700BFE64F /* ExamDelegate.swift */; };
		56A3B87729A8B88400BFE64F /* ExamDelegate.swift in Sources */ = {isa = PBXBuildFile; fileRef = 56A3B87429A8B86700BFE64F /* ExamDelegate.swift */; };
		56A3B87929A8B8A400BFE64F /* CurriculumDelegate.swift in Sources */ = {isa = PBXBuildFile; fileRef = 56A3B87829A8B8A400BFE64F /* CurriculumDelegate.swift */; };
		56A3B87B29A8B8C600BFE64F /* ScoreDelegate.swift in Sources */ = {isa = PBXBuildFile; fileRef = 56A3B87A29A8B8C600BFE64F /* ScoreDelegate.swift */; };
		56A3B87C29A8B8C600BFE64F /* ScoreDelegate.swift in Sources */ = {isa = PBXBuildFile; fileRef = 56A3B87A29A8B8C600BFE64F /* ScoreDelegate.swift */; };
		56A3B87D29A8B8C600BFE64F /* ScoreDelegate.swift in Sources */ = {isa = PBXBuildFile; fileRef = 56A3B87A29A8B8C600BFE64F /* ScoreDelegate.swift */; };
		56A3B87E29A8B8EC00BFE64F /* CurriculumDelegate.swift in Sources */ = {isa = PBXBuildFile; fileRef = 56A3B87829A8B8A400BFE64F /* CurriculumDelegate.swift */; };
		56A3B87F29A8B8EC00BFE64F /* CurriculumDelegate.swift in Sources */ = {isa = PBXBuildFile; fileRef = 56A3B87829A8B8A400BFE64F /* CurriculumDelegate.swift */; };
		56A7D71829DD20AD00EE7880 /* LoremSwiftum in Frameworks */ = {isa = PBXBuildFile; productRef = 56A7D71729DD20AD00EE7880 /* LoremSwiftum */; };
		56AC730D294A012F00A60F47 /* Assets.xcassets in Resources */ = {isa = PBXBuildFile; fileRef = 56AC72FB294A012F00A60F47 /* Assets.xcassets */; };
		56BE91F32962F77800822C98 /* UUIDExtension.swift in Sources */ = {isa = PBXBuildFile; fileRef = 56BE91F22962F77800822C98 /* UUIDExtension.swift */; };
		56BE91F72963EF1600822C98 /* ExceptionCalls.swift in Sources */ = {isa = PBXBuildFile; fileRef = 56BE91F62963EF1600822C98 /* ExceptionCalls.swift */; };
		56BE91F92965D05A00822C98 /* README.md in Resources */ = {isa = PBXBuildFile; fileRef = 56BE91F82965D05A00822C98 /* README.md */; };
		56BE91FB296677A300822C98 /* SwiftExtension.swift in Sources */ = {isa = PBXBuildFile; fileRef = 56BE91FA296677A300822C98 /* SwiftExtension.swift */; };
		56BE91FD2966799200822C98 /* CourseCardView.swift in Sources */ = {isa = PBXBuildFile; fileRef = 56BE91FC2966799200822C98 /* CourseCardView.swift */; };
		56BE91FF296679BC00822C98 /* CurriculumPreview.swift in Sources */ = {isa = PBXBuildFile; fileRef = 56BE91FE296679BC00822C98 /* CurriculumPreview.swift */; };
		56C1425129F64618007D9BD4 /* PushNotification.swift in Sources */ = {isa = PBXBuildFile; fileRef = 56C1425029F64618007D9BD4 /* PushNotification.swift */; };
		56C1425429F648A6007D9BD4 /* TPNSClient.swift in Sources */ = {isa = PBXBuildFile; fileRef = 56C1425329F648A6007D9BD4 /* TPNSClient.swift */; };
		56C3A72629BDA10400A5017A /* CurriculumWidget.swift in Sources */ = {isa = PBXBuildFile; fileRef = 56AAF0F829B71C34007BFC60 /* CurriculumWidget.swift */; };
		56C3A72729BDA10500A5017A /* CurriculumWidget.swift in Sources */ = {isa = PBXBuildFile; fileRef = 56AAF0F829B71C34007BFC60 /* CurriculumWidget.swift */; };
		56D175B8294F01EA0070778F /* FeedKit in Frameworks */ = {isa = PBXBuildFile; productRef = 56D175B7294F01EA0070778F /* FeedKit */; };
		56D175BD295044FF0070778F /* SwiftyJSON in Frameworks */ = {isa = PBXBuildFile; productRef = 56D175BC295044FF0070778F /* SwiftyJSON */; };
		56D175C0295048A10070778F /* CurriculumView.swift in Sources */ = {isa = PBXBuildFile; fileRef = 56D175BF295048A10070778F /* CurriculumView.swift */; };
		56D175C6295438870070778F /* FeedCache.swift in Sources */ = {isa = PBXBuildFile; fileRef = 56D175C5295438870070778F /* FeedCache.swift */; };
		56D175C8295438E20070778F /* FeedSource.swift in Sources */ = {isa = PBXBuildFile; fileRef = 56D175C7295438E20070778F /* FeedSource.swift */; };
		56D175CC295457100070778F /* FeedSourceView.swift in Sources */ = {isa = PBXBuildFile; fileRef = 56D175CB295457100070778F /* FeedSourceView.swift */; };
		56D175CE295457810070778F /* FeedView.swift in Sources */ = {isa = PBXBuildFile; fileRef = 56D175CD295457810070778F /* FeedView.swift */; };
		56D175D02954589D0070778F /* FeedVStackView.swift in Sources */ = {isa = PBXBuildFile; fileRef = 56D175CF2954589D0070778F /* FeedVStackView.swift */; };
		56D18BBE29E140DE002C6677 /* RectangleProgressBar.swift in Sources */ = {isa = PBXBuildFile; fileRef = 56D18BBD29E140DE002C6677 /* RectangleProgressBar.swift */; };
		56DD03A8296D0924004C358C /* AppDelegate.swift in Sources */ = {isa = PBXBuildFile; fileRef = 56DD03A7296D0924004C358C /* AppDelegate.swift */; };
		56E8AD67296F069E009006D0 /* Reeeed in Frameworks */ = {isa = PBXBuildFile; productRef = 56E8AD66296F069E009006D0 /* Reeeed */; };
		56E8AD6A296FE880009006D0 /* CourseScore.swift in Sources */ = {isa = PBXBuildFile; fileRef = 56E8AD69296FE880009006D0 /* CourseScore.swift */; };
		56E8AD6D296FEEE9009006D0 /* ScoreView.swift in Sources */ = {isa = PBXBuildFile; fileRef = 56E8AD6C296FEEE9009006D0 /* ScoreView.swift */; };
		56E8AD702973D0DB009006D0 /* UstcCatalog.swift in Sources */ = {isa = PBXBuildFile; fileRef = 56E8AD6F2973D0DB009006D0 /* UstcCatalog.swift */; };
		56E8AD722973EC0F009006D0 /* UstcRooms.json in Resources */ = {isa = PBXBuildFile; fileRef = 56E8AD712973EC0F009006D0 /* UstcRooms.json */; };
		56E8AD752973F25E009006D0 /* ClassroomView.swift in Sources */ = {isa = PBXBuildFile; fileRef = 56E8AD742973F25E009006D0 /* ClassroomView.swift */; };
		56E94E23298A77790085241B /* AboutPage.swift in Sources */ = {isa = PBXBuildFile; fileRef = 56E94E22298A77790085241B /* AboutPage.swift */; };
		56E94E25298A77990085241B /* LegalPage.swift in Sources */ = {isa = PBXBuildFile; fileRef = 56E94E24298A77990085241B /* LegalPage.swift */; };
		56E94E27298A77D00085241B /* NotificationPage.swift in Sources */ = {isa = PBXBuildFile; fileRef = 56E94E26298A77D00085241B /* NotificationPage.swift */; };
		56E94E29298A77F80085241B /* FeedPage.swift in Sources */ = {isa = PBXBuildFile; fileRef = 56E94E28298A77F80085241B /* FeedPage.swift */; };
		56E94E2B298AA3720085241B /* ExamPage.swift in Sources */ = {isa = PBXBuildFile; fileRef = 56E94E2A298AA3720085241B /* ExamPage.swift */; };
		56F3EAD4296EAF020095AEF4 /* SwiftSoup in Frameworks */ = {isa = PBXBuildFile; productRef = 56F3EAD3296EAF020095AEF4 /* SwiftSoup */; };
		56F3EAD6296EB3B70095AEF4 /* Exam.swift in Sources */ = {isa = PBXBuildFile; fileRef = 56F3EAD5296EB3B70095AEF4 /* Exam.swift */; };
		56F3EADA296EB7FD0095AEF4 /* ExamPreview.swift in Sources */ = {isa = PBXBuildFile; fileRef = 56F3EAD9296EB7FD0095AEF4 /* ExamPreview.swift */; };
		56F3EADC296EB9EA0095AEF4 /* ExamView.swift in Sources */ = {isa = PBXBuildFile; fileRef = 56F3EADB296EB9EA0095AEF4 /* ExamView.swift */; };
		56FA8E77297D7263000AC3A9 /* WidgetKit.framework in Frameworks */ = {isa = PBXBuildFile; fileRef = 56FA8E76297D7263000AC3A9 /* WidgetKit.framework */; };
		56FA8E79297D7263000AC3A9 /* SwiftUI.framework in Frameworks */ = {isa = PBXBuildFile; fileRef = 56FA8E78297D7263000AC3A9 /* SwiftUI.framework */; };
		56FA8E7C297D7263000AC3A9 /* WidgetBundle.swift in Sources */ = {isa = PBXBuildFile; fileRef = 56FA8E7B297D7263000AC3A9 /* WidgetBundle.swift */; };
		56FA8E80297D7263000AC3A9 /* ExamWidget.swift in Sources */ = {isa = PBXBuildFile; fileRef = 56FA8E7F297D7263000AC3A9 /* ExamWidget.swift */; };
		56FA8E83297D7264000AC3A9 /* Assets.xcassets in Resources */ = {isa = PBXBuildFile; fileRef = 56FA8E82297D7264000AC3A9 /* Assets.xcassets */; };
		56FA8E85297D7264000AC3A9 /* Widget.intentdefinition in Sources */ = {isa = PBXBuildFile; fileRef = 56FA8E81297D7264000AC3A9 /* Widget.intentdefinition */; };
		56FA8E86297D7264000AC3A9 /* Widget.intentdefinition in Sources */ = {isa = PBXBuildFile; fileRef = 56FA8E81297D7264000AC3A9 /* Widget.intentdefinition */; };
		78D1F6FE39D9928EE99CAC44 /* XGMTACloud.framework in Frameworks */ = {isa = PBXBuildFile; fileRef = 8374F92F03832B8097F86E2D /* XGMTACloud.framework */; };
		7DD1D836EE09B1408B7E6C3C /* CFNetwork.framework in Frameworks */ = {isa = PBXBuildFile; fileRef = 597AF30F8CD7EBFEF689D01B /* CFNetwork.framework */; };
		813700120F84685D752015B2 /* CoreTelephony.framework in Frameworks */ = {isa = PBXBuildFile; fileRef = 3382E828813FA9C0554457CA /* CoreTelephony.framework */; };
		902278CCDD7343F0D9B10F1B /* libz.tbd in Frameworks */ = {isa = PBXBuildFile; fileRef = A419DE96C0C3F0A443D9C8E7 /* libz.tbd */; };
		905583363708B43FB93B6776 /* Security.framework in Frameworks */ = {isa = PBXBuildFile; fileRef = 55DDCF5537E65C2C916A8BC3 /* Security.framework */; };
		9D77206865669A1F1F9075B0 /* UserNotifications.framework in Frameworks */ = {isa = PBXBuildFile; fileRef = 0022E5088450BB80383ABCB3 /* UserNotifications.framework */; };
		A76F279A0A99FB2F21E2836F /* CoreData.framework in Frameworks */ = {isa = PBXBuildFile; fileRef = F56F1EC6CC15C289C92E2ECF /* CoreData.framework */; };
		C56047D753670EA76ECF55B3 /* TPNSService.appex in Embed Foundation Extensions */ = {isa = PBXBuildFile; fileRef = B766B60160E4B33F87B053CD /* TPNSService.appex */; platformFilter = ios; };
		CC5FF768DE706F4BB623C17E /* SystemConfiguration.framework in Frameworks */ = {isa = PBXBuildFile; fileRef = B238F82A27602447BBF1630E /* SystemConfiguration.framework */; };
		D2EF018C0EEA4A4342EAB279 /* libsqlite3.0.tbd in Frameworks */ = {isa = PBXBuildFile; fileRef = 31A12D0A8ED351CBE8B39C7A /* libsqlite3.0.tbd */; };
		D9670C867A7DEDB9BBBED157 /* libXGExtension.a in Frameworks */ = {isa = PBXBuildFile; fileRef = BE2D52E8281AE29E2F171EB6 /* libXGExtension.a */; settings = {ATTRIBUTES = (Required, ); }; };
/* End PBXBuildFile section */

/* Begin PBXContainerItemProxy section */
		5611272429813AAC00BB66EE /* PBXContainerItemProxy */ = {
			isa = PBXContainerItemProxy;
			containerPortal = 56AC72F4294A012600A60F47 /* Project object */;
			proxyType = 1;
			remoteGlobalIDString = 56FA8E74297D7263000AC3A9;
			remoteInfo = ExamWidgetExtension;
		};
		5611282E29814CDA00BB66EE /* PBXContainerItemProxy */ = {
			isa = PBXContainerItemProxy;
			containerPortal = 56AC72F4294A012600A60F47 /* Project object */;
			proxyType = 1;
			remoteGlobalIDString = 561127FC298148E900BB66EE;
			remoteInfo = "ExamWidgetExtension (macOS)";
		};
		6D885CC0272CA873CCFE52E9 /* PBXContainerItemProxy */ = {
			isa = PBXContainerItemProxy;
			containerPortal = 56AC72F4294A012600A60F47 /* Project object */;
			proxyType = 1;
			remoteGlobalIDString = 86B22FE4CF1A3B007729F5D4;
			remoteInfo = TPNSService;
		};
/* End PBXContainerItemProxy section */

/* Begin PBXCopyFilesBuildPhase section */
		5611272629813AAC00BB66EE /* Embed Foundation Extensions */ = {
			isa = PBXCopyFilesBuildPhase;
			buildActionMask = 2147483647;
			dstPath = "";
			dstSubfolderSpec = 13;
			files = (
				5611272329813AAC00BB66EE /* Widget iOS.appex in Embed Foundation Extensions */,
				5611282D29814CDA00BB66EE /* Widget macOS.appex in Embed Foundation Extensions */,
			);
			name = "Embed Foundation Extensions";
			runOnlyForDeploymentPostprocessing = 0;
		};
		565587DF294AF61E0010E060 /* Embed Frameworks */ = {
			isa = PBXCopyFilesBuildPhase;
			buildActionMask = 2147483647;
			dstPath = "";
			dstSubfolderSpec = 10;
			files = (
			);
			name = "Embed Frameworks";
			runOnlyForDeploymentPostprocessing = 0;
		};
		B93F358E78A48606EACA157C /* Embed Foundation Extensions */ = {
			isa = PBXCopyFilesBuildPhase;
			buildActionMask = 2147483647;
			dstPath = "";
			dstSubfolderSpec = 13;
			files = (
				C56047D753670EA76ECF55B3 /* TPNSService.appex in Embed Foundation Extensions */,
			);
			name = "Embed Foundation Extensions";
			runOnlyForDeploymentPostprocessing = 0;
		};
/* End PBXCopyFilesBuildPhase section */

/* Begin PBXFileReference section */
		0022E5088450BB80383ABCB3 /* UserNotifications.framework */ = {isa = PBXFileReference; fileEncoding = 4; lastKnownFileType = wrapper.framework; name = UserNotifications.framework; path = /Applications/Xcode.app/Contents/Developer/Platforms/iPhoneOS.platform/Developer/SDKs/iPhoneOS.sdk/System/Library/Frameworks/UserNotifications.framework; sourceTree = "<group>"; };
		12B90FF1CD0E87B07896B8A2 /* NotificationService.h */ = {isa = PBXFileReference; fileEncoding = 4; lastKnownFileType = sourcecode.c.h; path = NotificationService.h; sourceTree = "<group>"; };
		2D47C4E31380E67CF9C62C01 /* Life@USTC-Bridging-Header.h */ = {isa = PBXFileReference; fileEncoding = 4; lastKnownFileType = sourcecode.c.h; path = "Life@USTC-Bridging-Header.h"; sourceTree = "<group>"; };
		31A12D0A8ED351CBE8B39C7A /* libsqlite3.0.tbd */ = {isa = PBXFileReference; fileEncoding = 4; lastKnownFileType = "sourcecode.text-based-dylib-definition"; name = libsqlite3.0.tbd; path = /Applications/Xcode.app/Contents/Developer/Platforms/iPhoneOS.platform/Developer/SDKs/iPhoneOS.sdk/usr/lib/libsqlite3.0.tbd; sourceTree = "<group>"; };
		327F6A0F98EF6EBD4399EE0D /* NotificationService.m */ = {isa = PBXFileReference; fileEncoding = 4; lastKnownFileType = sourcecode.c.objc; path = NotificationService.m; sourceTree = "<group>"; };
		3382E828813FA9C0554457CA /* CoreTelephony.framework */ = {isa = PBXFileReference; fileEncoding = 4; lastKnownFileType = wrapper.framework; name = CoreTelephony.framework; path = /Applications/Xcode.app/Contents/Developer/Platforms/iPhoneOS.platform/Developer/SDKs/iPhoneOS.sdk/System/Library/Frameworks/CoreTelephony.framework; sourceTree = "<group>"; };
		55DDCF5537E65C2C916A8BC3 /* Security.framework */ = {isa = PBXFileReference; fileEncoding = 4; lastKnownFileType = wrapper.framework; name = Security.framework; path = /Applications/Xcode.app/Contents/Developer/Platforms/iPhoneOS.platform/Developer/SDKs/iPhoneOS.sdk/System/Library/Frameworks/Security.framework; sourceTree = "<group>"; };
		561127FD298148E900BB66EE /* Widget macOS.appex */ = {isa = PBXFileReference; explicitFileType = "wrapper.app-extension"; includeInIndex = 0; path = "Widget macOS.appex"; sourceTree = BUILT_PRODUCTS_DIR; };
		56128F4F298D38FE0080A9F7 /* UstcWeixin.swift */ = {isa = PBXFileReference; lastKnownFileType = sourcecode.swift; path = UstcWeixin.swift; sourceTree = "<group>"; };
		56128F53298D3D2D0080A9F7 /* HealthCheck.swift */ = {isa = PBXFileReference; lastKnownFileType = sourcecode.swift; path = HealthCheck.swift; sourceTree = "<group>"; };
		56128F58298D45030080A9F7 /* HealthCheckPreview.swift */ = {isa = PBXFileReference; lastKnownFileType = sourcecode.swift; path = HealthCheckPreview.swift; sourceTree = "<group>"; };
		56143F6A295EDEA5008CE454 /* Constants.swift */ = {isa = PBXFileReference; lastKnownFileType = sourcecode.swift; path = Constants.swift; sourceTree = "<group>"; };
		56143F6C295EE47A008CE454 /* AsyncCalls.swift */ = {isa = PBXFileReference; lastKnownFileType = sourcecode.swift; path = AsyncCalls.swift; sourceTree = "<group>"; };
		5621691B2955BEC500DF46BE /* DateExtension.swift */ = {isa = PBXFileReference; fileEncoding = 4; lastKnownFileType = sourcecode.swift; path = DateExtension.swift; sourceTree = "<group>"; };
		5621691D2955BECA00DF46BE /* UserType.swift */ = {isa = PBXFileReference; fileEncoding = 4; lastKnownFileType = sourcecode.swift; path = UserType.swift; sourceTree = "<group>"; };
		562169212955BEDE00DF46BE /* ContentView.swift */ = {isa = PBXFileReference; fileEncoding = 4; lastKnownFileType = sourcecode.swift; path = ContentView.swift; sourceTree = "<group>"; };
		562169232955BEF900DF46BE /* UserTypeView.swift */ = {isa = PBXFileReference; fileEncoding = 4; lastKnownFileType = sourcecode.swift; path = UserTypeView.swift; sourceTree = "<group>"; };
		562169252956D49E00DF46BE /* FeedHScrollView.swift */ = {isa = PBXFileReference; lastKnownFileType = sourcecode.swift; path = FeedHScrollView.swift; sourceTree = "<group>"; };
		565587B2294ABE7B0010E060 /* Card.swift */ = {isa = PBXFileReference; lastKnownFileType = sourcecode.swift; path = Card.swift; sourceTree = "<group>"; };
		565587B5294ACEFD0010E060 /* Browser.swift */ = {isa = PBXFileReference; lastKnownFileType = sourcecode.swift; path = Browser.swift; sourceTree = "<group>"; };
		565587B7294AE7910010E060 /* Feed.swift */ = {isa = PBXFileReference; lastKnownFileType = sourcecode.swift; path = Feed.swift; sourceTree = "<group>"; };
		565587E6294B43BD0010E060 /* HomeView.swift */ = {isa = PBXFileReference; lastKnownFileType = sourcecode.swift; path = HomeView.swift; sourceTree = "<group>"; };
		565587EB294B46900010E060 /* en */ = {isa = PBXFileReference; lastKnownFileType = text.plist.strings; name = en; path = en.lproj/Localizable.strings; sourceTree = "<group>"; };
		565587EF294B46BB0010E060 /* zh-Hans */ = {isa = PBXFileReference; lastKnownFileType = text.plist.strings; name = "zh-Hans"; path = "zh-Hans.lproj/Localizable.strings"; sourceTree = "<group>"; };
		565587F0294C4E5D0010E060 /* UstcUgAAS.swift */ = {isa = PBXFileReference; lastKnownFileType = sourcecode.swift; path = UstcUgAAS.swift; sourceTree = "<group>"; };
		565587FD294D67D80010E060 /* SwiftUIExtension.swift */ = {isa = PBXFileReference; lastKnownFileType = sourcecode.swift; path = SwiftUIExtension.swift; sourceTree = "<group>"; };
		56558800294D74BB0010E060 /* CASLoginView.swift */ = {isa = PBXFileReference; lastKnownFileType = sourcecode.swift; path = CASLoginView.swift; sourceTree = "<group>"; };
		56558803294D93810010E060 /* FeaturesView.swift */ = {isa = PBXFileReference; lastKnownFileType = sourcecode.swift; path = FeaturesView.swift; sourceTree = "<group>"; };
		56558808294DC9D40010E060 /* SettingsView.swift */ = {isa = PBXFileReference; lastKnownFileType = sourcecode.swift; path = SettingsView.swift; sourceTree = "<group>"; };
		5655880A294DEA6B0010E060 /* UstcCAS.swift */ = {isa = PBXFileReference; lastKnownFileType = sourcecode.swift; path = UstcCAS.swift; sourceTree = "<group>"; };
		565A11B729FF565E00310C8B /* WelcomeView.swift */ = {isa = PBXFileReference; lastKnownFileType = sourcecode.swift; path = WelcomeView.swift; sourceTree = "<group>"; };
		567FA93029D083180003050F /* AppPage.swift */ = {isa = PBXFileReference; lastKnownFileType = sourcecode.swift; path = AppPage.swift; sourceTree = "<group>"; };
		568A959A295D75D2004272E2 /* LaunchScreen.storyboard */ = {isa = PBXFileReference; lastKnownFileType = file.storyboard; path = LaunchScreen.storyboard; sourceTree = "<group>"; };
		5694D91729668191009CFCDF /* Course.swift */ = {isa = PBXFileReference; lastKnownFileType = sourcecode.swift; path = Course.swift; sourceTree = "<group>"; };
		569CFE4B297E85F30072C094 /* Widget.entitlements */ = {isa = PBXFileReference; lastKnownFileType = text.plist.entitlements; path = Widget.entitlements; sourceTree = "<group>"; };
		569CFE51297EBD240072C094 /* en */ = {isa = PBXFileReference; lastKnownFileType = text.plist.strings; name = en; path = en.lproj/Localizable.strings; sourceTree = "<group>"; };
		569CFE53297EBD2E0072C094 /* zh-Hans */ = {isa = PBXFileReference; lastKnownFileType = text.plist.strings; name = "zh-Hans"; path = "zh-Hans.lproj/Localizable.strings"; sourceTree = "<group>"; };
		56A3B86B29A889B500BFE64F /* Navigation.swift */ = {isa = PBXFileReference; lastKnownFileType = sourcecode.swift; path = Navigation.swift; sourceTree = "<group>"; };
		56A3B86D29A889D100BFE64F /* AsyncView.swift */ = {isa = PBXFileReference; lastKnownFileType = sourcecode.swift; path = AsyncView.swift; sourceTree = "<group>"; };
		56A3B87429A8B86700BFE64F /* ExamDelegate.swift */ = {isa = PBXFileReference; lastKnownFileType = sourcecode.swift; path = ExamDelegate.swift; sourceTree = "<group>"; };
		56A3B87829A8B8A400BFE64F /* CurriculumDelegate.swift */ = {isa = PBXFileReference; lastKnownFileType = sourcecode.swift; path = CurriculumDelegate.swift; sourceTree = "<group>"; };
		56A3B87A29A8B8C600BFE64F /* ScoreDelegate.swift */ = {isa = PBXFileReference; lastKnownFileType = sourcecode.swift; path = ScoreDelegate.swift; sourceTree = "<group>"; };
		56AAF0F829B71C34007BFC60 /* CurriculumWidget.swift */ = {isa = PBXFileReference; lastKnownFileType = sourcecode.swift; path = CurriculumWidget.swift; sourceTree = "<group>"; };
		56AC72FB294A012F00A60F47 /* Assets.xcassets */ = {isa = PBXFileReference; lastKnownFileType = folder.assetcatalog; path = Assets.xcassets; sourceTree = "<group>"; };
		56AC7300294A012F00A60F47 /* Life@USTC.app */ = {isa = PBXFileReference; explicitFileType = wrapper.application; includeInIndex = 0; path = "Life@USTC.app"; sourceTree = BUILT_PRODUCTS_DIR; };
		56BE91F22962F77800822C98 /* UUIDExtension.swift */ = {isa = PBXFileReference; lastKnownFileType = sourcecode.swift; path = UUIDExtension.swift; sourceTree = "<group>"; };
		56BE91F62963EF1600822C98 /* ExceptionCalls.swift */ = {isa = PBXFileReference; lastKnownFileType = sourcecode.swift; path = ExceptionCalls.swift; sourceTree = "<group>"; };
		56BE91F82965D05A00822C98 /* README.md */ = {isa = PBXFileReference; fileEncoding = 4; lastKnownFileType = net.daringfireball.markdown; path = README.md; sourceTree = "<group>"; };
		56BE91FA296677A300822C98 /* SwiftExtension.swift */ = {isa = PBXFileReference; lastKnownFileType = sourcecode.swift; path = SwiftExtension.swift; sourceTree = "<group>"; };
		56BE91FC2966799200822C98 /* CourseCardView.swift */ = {isa = PBXFileReference; lastKnownFileType = sourcecode.swift; path = CourseCardView.swift; sourceTree = "<group>"; };
		56BE91FE296679BC00822C98 /* CurriculumPreview.swift */ = {isa = PBXFileReference; lastKnownFileType = sourcecode.swift; path = CurriculumPreview.swift; sourceTree = "<group>"; };
		56C1425029F64618007D9BD4 /* PushNotification.swift */ = {isa = PBXFileReference; lastKnownFileType = sourcecode.swift; path = PushNotification.swift; sourceTree = "<group>"; };
		56C1425329F648A6007D9BD4 /* TPNSClient.swift */ = {isa = PBXFileReference; lastKnownFileType = sourcecode.swift; path = TPNSClient.swift; sourceTree = "<group>"; };
		56D175BF295048A10070778F /* CurriculumView.swift */ = {isa = PBXFileReference; lastKnownFileType = sourcecode.swift; path = CurriculumView.swift; sourceTree = "<group>"; };
		56D175C5295438870070778F /* FeedCache.swift */ = {isa = PBXFileReference; lastKnownFileType = sourcecode.swift; path = FeedCache.swift; sourceTree = "<group>"; };
		56D175C7295438E20070778F /* FeedSource.swift */ = {isa = PBXFileReference; lastKnownFileType = sourcecode.swift; path = FeedSource.swift; sourceTree = "<group>"; };
		56D175CB295457100070778F /* FeedSourceView.swift */ = {isa = PBXFileReference; lastKnownFileType = sourcecode.swift; path = FeedSourceView.swift; sourceTree = "<group>"; };
		56D175CD295457810070778F /* FeedView.swift */ = {isa = PBXFileReference; lastKnownFileType = sourcecode.swift; path = FeedView.swift; sourceTree = "<group>"; };
		56D175CF2954589D0070778F /* FeedVStackView.swift */ = {isa = PBXFileReference; lastKnownFileType = sourcecode.swift; path = FeedVStackView.swift; sourceTree = "<group>"; };
		56D18BBD29E140DE002C6677 /* RectangleProgressBar.swift */ = {isa = PBXFileReference; lastKnownFileType = sourcecode.swift; path = RectangleProgressBar.swift; sourceTree = "<group>"; };
		56DD03A7296D0924004C358C /* AppDelegate.swift */ = {isa = PBXFileReference; lastKnownFileType = sourcecode.swift; path = AppDelegate.swift; sourceTree = "<group>"; };
		56E8AD69296FE880009006D0 /* CourseScore.swift */ = {isa = PBXFileReference; lastKnownFileType = sourcecode.swift; path = CourseScore.swift; sourceTree = "<group>"; };
		56E8AD6C296FEEE9009006D0 /* ScoreView.swift */ = {isa = PBXFileReference; lastKnownFileType = sourcecode.swift; path = ScoreView.swift; sourceTree = "<group>"; };
		56E8AD6E2972F56C009006D0 /* CHANGELOG.md */ = {isa = PBXFileReference; lastKnownFileType = net.daringfireball.markdown; path = CHANGELOG.md; sourceTree = "<group>"; };
		56E8AD6F2973D0DB009006D0 /* UstcCatalog.swift */ = {isa = PBXFileReference; lastKnownFileType = sourcecode.swift; path = UstcCatalog.swift; sourceTree = "<group>"; };
		56E8AD712973EC0F009006D0 /* UstcRooms.json */ = {isa = PBXFileReference; lastKnownFileType = text.json; path = UstcRooms.json; sourceTree = "<group>"; };
		56E8AD742973F25E009006D0 /* ClassroomView.swift */ = {isa = PBXFileReference; lastKnownFileType = sourcecode.swift; path = ClassroomView.swift; sourceTree = "<group>"; };
		56E94E22298A77790085241B /* AboutPage.swift */ = {isa = PBXFileReference; lastKnownFileType = sourcecode.swift; path = AboutPage.swift; sourceTree = "<group>"; };
		56E94E24298A77990085241B /* LegalPage.swift */ = {isa = PBXFileReference; lastKnownFileType = sourcecode.swift; path = LegalPage.swift; sourceTree = "<group>"; };
		56E94E26298A77D00085241B /* NotificationPage.swift */ = {isa = PBXFileReference; lastKnownFileType = sourcecode.swift; path = NotificationPage.swift; sourceTree = "<group>"; };
		56E94E28298A77F80085241B /* FeedPage.swift */ = {isa = PBXFileReference; lastKnownFileType = sourcecode.swift; path = FeedPage.swift; sourceTree = "<group>"; };
		56E94E2A298AA3720085241B /* ExamPage.swift */ = {isa = PBXFileReference; lastKnownFileType = sourcecode.swift; path = ExamPage.swift; sourceTree = "<group>"; };
		56F3EAD1296D0B8B0095AEF4 /* Life@USTC.entitlements */ = {isa = PBXFileReference; lastKnownFileType = text.plist.entitlements; path = "Life@USTC.entitlements"; sourceTree = "<group>"; };
		56F3EAD5296EB3B70095AEF4 /* Exam.swift */ = {isa = PBXFileReference; lastKnownFileType = sourcecode.swift; path = Exam.swift; sourceTree = "<group>"; };
		56F3EAD9296EB7FD0095AEF4 /* ExamPreview.swift */ = {isa = PBXFileReference; lastKnownFileType = sourcecode.swift; path = ExamPreview.swift; sourceTree = "<group>"; };
		56F3EADB296EB9EA0095AEF4 /* ExamView.swift */ = {isa = PBXFileReference; lastKnownFileType = sourcecode.swift; path = ExamView.swift; sourceTree = "<group>"; };
		56FA8E75297D7263000AC3A9 /* Widget iOS.appex */ = {isa = PBXFileReference; explicitFileType = "wrapper.app-extension"; includeInIndex = 0; path = "Widget iOS.appex"; sourceTree = BUILT_PRODUCTS_DIR; };
		56FA8E76297D7263000AC3A9 /* WidgetKit.framework */ = {isa = PBXFileReference; lastKnownFileType = wrapper.framework; name = WidgetKit.framework; path = System/Library/Frameworks/WidgetKit.framework; sourceTree = SDKROOT; };
		56FA8E78297D7263000AC3A9 /* SwiftUI.framework */ = {isa = PBXFileReference; lastKnownFileType = wrapper.framework; name = SwiftUI.framework; path = System/Library/Frameworks/SwiftUI.framework; sourceTree = SDKROOT; };
		56FA8E7B297D7263000AC3A9 /* WidgetBundle.swift */ = {isa = PBXFileReference; lastKnownFileType = sourcecode.swift; path = WidgetBundle.swift; sourceTree = "<group>"; };
		56FA8E7F297D7263000AC3A9 /* ExamWidget.swift */ = {isa = PBXFileReference; lastKnownFileType = sourcecode.swift; path = ExamWidget.swift; sourceTree = "<group>"; };
		56FA8E81297D7264000AC3A9 /* Widget.intentdefinition */ = {isa = PBXFileReference; lastKnownFileType = file.intentdefinition; path = Widget.intentdefinition; sourceTree = "<group>"; };
		56FA8E82297D7264000AC3A9 /* Assets.xcassets */ = {isa = PBXFileReference; lastKnownFileType = folder.assetcatalog; path = Assets.xcassets; sourceTree = "<group>"; };
		56FA8E84297D7264000AC3A9 /* Info.plist */ = {isa = PBXFileReference; lastKnownFileType = text.plist.xml; path = Info.plist; sourceTree = "<group>"; };
		597AF30F8CD7EBFEF689D01B /* CFNetwork.framework */ = {isa = PBXFileReference; fileEncoding = 4; lastKnownFileType = wrapper.framework; name = CFNetwork.framework; path = /Applications/Xcode.app/Contents/Developer/Platforms/iPhoneOS.platform/Developer/SDKs/iPhoneOS.sdk/System/Library/Frameworks/CFNetwork.framework; sourceTree = "<group>"; };
		7099CF399AA3050A7B0A3914 /* XGPush.h */ = {isa = PBXFileReference; fileEncoding = 4; lastKnownFileType = sourcecode.c.h; path = XGPush.h; sourceTree = "<group>"; };
		8374F92F03832B8097F86E2D /* XGMTACloud.framework */ = {isa = PBXFileReference; fileEncoding = 4; lastKnownFileType = wrapper.framework; name = XGMTACloud.framework; path = "/Users/tiankaima/Source/Life-USTC/TPNS/XGMTACloud.framework"; sourceTree = "<group>"; };
		9CB931C89AE5CEF78AFE42B1 /* libXG-SDK-Cloud.a */ = {isa = PBXFileReference; fileEncoding = 4; lastKnownFileType = archive.ar; path = "libXG-SDK-Cloud.a"; sourceTree = "<group>"; };
		A419DE96C0C3F0A443D9C8E7 /* libz.tbd */ = {isa = PBXFileReference; fileEncoding = 4; lastKnownFileType = "sourcecode.text-based-dylib-definition"; name = libz.tbd; path = /Applications/Xcode.app/Contents/Developer/Platforms/iPhoneOS.platform/Developer/SDKs/iPhoneOS.sdk/usr/lib/libz.tbd; sourceTree = "<group>"; };
		A5FC807DBEE87641A452BC5E /* XGPushPrivate.h */ = {isa = PBXFileReference; fileEncoding = 4; lastKnownFileType = sourcecode.c.h; path = XGPushPrivate.h; sourceTree = "<group>"; };
		B238F82A27602447BBF1630E /* SystemConfiguration.framework */ = {isa = PBXFileReference; fileEncoding = 4; lastKnownFileType = wrapper.framework; name = SystemConfiguration.framework; path = /Applications/Xcode.app/Contents/Developer/Platforms/iPhoneOS.platform/Developer/SDKs/iPhoneOS.sdk/System/Library/Frameworks/SystemConfiguration.framework; sourceTree = "<group>"; };
		B766B60160E4B33F87B053CD /* TPNSService.appex */ = {isa = PBXFileReference; explicitFileType = "wrapper.app-extension"; includeInIndex = 0; path = TPNSService.appex; sourceTree = BUILT_PRODUCTS_DIR; };
		BE2D52E8281AE29E2F171EB6 /* libXGExtension.a */ = {isa = PBXFileReference; fileEncoding = 4; lastKnownFileType = archive.ar; path = libXGExtension.a; sourceTree = "<group>"; };
		C2446B2F1DC1CD08DF9BF47D /* XGExtension.h */ = {isa = PBXFileReference; fileEncoding = 4; lastKnownFileType = sourcecode.c.h; path = XGExtension.h; sourceTree = "<group>"; };
		E2CB174781BB1213E91591A5 /* Info.plist */ = {isa = PBXFileReference; fileEncoding = 4; lastKnownFileType = text.plist.strings; path = Info.plist; sourceTree = "<group>"; };
		F56F1EC6CC15C289C92E2ECF /* CoreData.framework */ = {isa = PBXFileReference; fileEncoding = 4; lastKnownFileType = wrapper.framework; name = CoreData.framework; path = /Applications/Xcode.app/Contents/Developer/Platforms/iPhoneOS.platform/Developer/SDKs/iPhoneOS.sdk/System/Library/Frameworks/CoreData.framework; sourceTree = "<group>"; };
		FAE8BC17C5C28641A56CC44E /* Foundation.framework */ = {isa = PBXFileReference; lastKnownFileType = wrapper.framework; name = Foundation.framework; path = Platforms/iPhoneOS.platform/Developer/SDKs/iPhoneOS14.0.sdk/System/Library/Frameworks/Foundation.framework; sourceTree = DEVELOPER_DIR; };
/* End PBXFileReference section */

/* Begin PBXFrameworksBuildPhase section */
		1A690924AD42A013C1734648 /* Frameworks */ = {
			isa = PBXFrameworksBuildPhase;
			buildActionMask = 2147483647;
			files = (
				D9670C867A7DEDB9BBBED157 /* libXGExtension.a in Frameworks */,
			);
			runOnlyForDeploymentPostprocessing = 0;
		};
		561127FA298148E900BB66EE /* Frameworks */ = {
			isa = PBXFrameworksBuildPhase;
			buildActionMask = 2147483647;
			files = (
				5611282229814B7B00BB66EE /* FeedKit in Frameworks */,
				561127FF298148E900BB66EE /* SwiftUI.framework in Frameworks */,
				5611282429814B7B00BB66EE /* SwiftyJSON in Frameworks */,
				5611282629814B7B00BB66EE /* SwiftFormat in Frameworks */,
				561127FE298148E900BB66EE /* WidgetKit.framework in Frameworks */,
				5611282C29814B7B00BB66EE /* Introspect in Frameworks */,
				5611282A29814B7B00BB66EE /* Reeeed in Frameworks */,
				5611282829814B7B00BB66EE /* SwiftSoup in Frameworks */,
			);
			runOnlyForDeploymentPostprocessing = 0;
		};
		56AC72FD294A012F00A60F47 /* Frameworks */ = {
			isa = PBXFrameworksBuildPhase;
			buildActionMask = 2147483647;
			files = (
				56E8AD67296F069E009006D0 /* Reeeed in Frameworks */,
				56D175BD295044FF0070778F /* SwiftyJSON in Frameworks */,
				56A7D71829DD20AD00EE7880 /* LoremSwiftum in Frameworks */,
				56112707298126C100BB66EE /* Introspect in Frameworks */,
				56D175B8294F01EA0070778F /* FeedKit in Frameworks */,
				56F3EAD4296EAF020095AEF4 /* SwiftSoup in Frameworks */,
				1E7A739C0C452BC861A44FFF /* libXG-SDK-Cloud.a in Frameworks */,
				902278CCDD7343F0D9B10F1B /* libz.tbd in Frameworks */,
				D2EF018C0EEA4A4342EAB279 /* libsqlite3.0.tbd in Frameworks */,
				7DD1D836EE09B1408B7E6C3C /* CFNetwork.framework in Frameworks */,
				CC5FF768DE706F4BB623C17E /* SystemConfiguration.framework in Frameworks */,
				813700120F84685D752015B2 /* CoreTelephony.framework in Frameworks */,
				905583363708B43FB93B6776 /* Security.framework in Frameworks */,
				A76F279A0A99FB2F21E2836F /* CoreData.framework in Frameworks */,
				78D1F6FE39D9928EE99CAC44 /* XGMTACloud.framework in Frameworks */,
				9D77206865669A1F1F9075B0 /* UserNotifications.framework in Frameworks */,
			);
			runOnlyForDeploymentPostprocessing = 0;
		};
		56FA8E72297D7263000AC3A9 /* Frameworks */ = {
			isa = PBXFrameworksBuildPhase;
			buildActionMask = 2147483647;
			files = (
				569CFE4A297D87690072C094 /* Reeeed in Frameworks */,
				569CFE44297D87620072C094 /* SwiftyJSON in Frameworks */,
				569CFE46297D87640072C094 /* SwiftFormat in Frameworks */,
				56FA8E79297D7263000AC3A9 /* SwiftUI.framework in Frameworks */,
				5611272229813A1700BB66EE /* Introspect in Frameworks */,
				56FA8E77297D7263000AC3A9 /* WidgetKit.framework in Frameworks */,
				569CFE48297D87660072C094 /* SwiftSoup in Frameworks */,
			);
			runOnlyForDeploymentPostprocessing = 0;
		};
/* End PBXFrameworksBuildPhase section */

/* Begin PBXGroup section */
		2695CD8B2F65282F8E6DC570 /* iOS */ = {
			isa = PBXGroup;
			children = (
				FAE8BC17C5C28641A56CC44E /* Foundation.framework */,
			);
			name = iOS;
			sourceTree = "<group>";
		};
		2BBEA9FBFB8C9A607C68EB2F /* TPNS */ = {
			isa = PBXGroup;
			children = (
				9CB931C89AE5CEF78AFE42B1 /* libXG-SDK-Cloud.a */,
				7099CF399AA3050A7B0A3914 /* XGPush.h */,
				A5FC807DBEE87641A452BC5E /* XGPushPrivate.h */,
				2D47C4E31380E67CF9C62C01 /* Life@USTC-Bridging-Header.h */,
			);
			path = TPNS;
			sourceTree = "<group>";
		};
		3169F6CDCAD06B0C5179F559 /* TPNSService */ = {
			isa = PBXGroup;
			children = (
				E2CB174781BB1213E91591A5 /* Info.plist */,
				12B90FF1CD0E87B07896B8A2 /* NotificationService.h */,
				327F6A0F98EF6EBD4399EE0D /* NotificationService.m */,
				6F7B48CC2B802B1041582133 /* TPNSExtensionLib */,
			);
			path = TPNSService;
			sourceTree = "<group>";
		};
		56128F57298D44F30080A9F7 /* HealthCheck */ = {
			isa = PBXGroup;
			children = (
				56128F53298D3D2D0080A9F7 /* HealthCheck.swift */,
				56128F58298D45030080A9F7 /* HealthCheckPreview.swift */,
			);
			path = HealthCheck;
			sourceTree = "<group>";
		};
		565587F4294D632D0010E060 /* Views */ = {
			isa = PBXGroup;
			children = (
				565A11B629FF563600310C8B /* StartUp */,
				562169212955BEDE00DF46BE /* ContentView.swift */,
				56558803294D93810010E060 /* FeaturesView.swift */,
				565587E6294B43BD0010E060 /* HomeView.swift */,
				56558808294DC9D40010E060 /* SettingsView.swift */,
				56A3B86A29A8899800BFE64F /* Extensions */,
				565587FC294D65E30010E060 /* General */,
				56E94E21298A775C0085241B /* Settings */,
				565587FF294D749C0010E060 /* Shared */,
			);
			path = Views;
			sourceTree = "<group>";
		};
		565587F5294D635E0010E060 /* Models */ = {
			isa = PBXGroup;
			children = (
				56C1425229F64886007D9BD4 /* PushNotification */,
				56D175C9295438E80070778F /* Feed */,
				56BE91F52962FEA900822C98 /* Shared */,
				56D175C4295411DA0070778F /* USTC */,
				56DD03A7296D0924004C358C /* AppDelegate.swift */,
			);
			path = Models;
			sourceTree = "<group>";
		};
		565587FC294D65E30010E060 /* General */ = {
			isa = PBXGroup;
			children = (
				56C1424F29F64602007D9BD4 /* PushNotification */,
				56128F57298D44F30080A9F7 /* HealthCheck */,
				56E8AD732973F229009006D0 /* Classroom */,
				56E8AD6B296FEEDD009006D0 /* Score */,
				56F3EAD7296EB7E60095AEF4 /* Exam */,
				56BE9200296679DB00822C98 /* Curriculum */,
				56D175CA295456F10070778F /* Feed */,
				565587B5294ACEFD0010E060 /* Browser.swift */,
			);
			path = General;
			sourceTree = "<group>";
		};
		565587FF294D749C0010E060 /* Shared */ = {
			isa = PBXGroup;
			children = (
				562169232955BEF900DF46BE /* UserTypeView.swift */,
				56558800294D74BB0010E060 /* CASLoginView.swift */,
			);
			path = Shared;
			sourceTree = "<group>";
		};
		56558802294D75100010E060 /* Assets */ = {
			isa = PBXGroup;
			children = (
				56AC72FB294A012F00A60F47 /* Assets.xcassets */,
				565587EC294B46900010E060 /* Localizable.strings */,
				56E8AD712973EC0F009006D0 /* UstcRooms.json */,
			);
			path = Assets;
			sourceTree = "<group>";
		};
		565A11B629FF563600310C8B /* StartUp */ = {
			isa = PBXGroup;
			children = (
				565A11B729FF565E00310C8B /* WelcomeView.swift */,
			);
			path = StartUp;
			sourceTree = "<group>";
		};
		569CFE4D297EBCFA0072C094 /* Assets */ = {
			isa = PBXGroup;
			children = (
				56FA8E82297D7264000AC3A9 /* Assets.xcassets */,
				569CFE52297EBD240072C094 /* Localizable.strings */,
			);
			path = Assets;
			sourceTree = "<group>";
		};
		56A3B86A29A8899800BFE64F /* Extensions */ = {
			isa = PBXGroup;
			children = (
				565587FD294D67D80010E060 /* SwiftUIExtension.swift */,
				56A3B86B29A889B500BFE64F /* Navigation.swift */,
				56A3B86D29A889D100BFE64F /* AsyncView.swift */,
				56D18BBD29E140DE002C6677 /* RectangleProgressBar.swift */,
			);
			path = Extensions;
			sourceTree = "<group>";
		};
		56A3B87129A8B83E00BFE64F /* Exam */ = {
			isa = PBXGroup;
			children = (
				56F3EAD5296EB3B70095AEF4 /* Exam.swift */,
				56A3B87429A8B86700BFE64F /* ExamDelegate.swift */,
			);
			path = Exam;
			sourceTree = "<group>";
		};
		56A3B87229A8B84C00BFE64F /* Course */ = {
			isa = PBXGroup;
			children = (
				5694D91729668191009CFCDF /* Course.swift */,
				56A3B87829A8B8A400BFE64F /* CurriculumDelegate.swift */,
			);
			path = Course;
			sourceTree = "<group>";
		};
		56A3B87329A8B85400BFE64F /* Score */ = {
			isa = PBXGroup;
			children = (
				56E8AD69296FE880009006D0 /* CourseScore.swift */,
				56A3B87A29A8B8C600BFE64F /* ScoreDelegate.swift */,
			);
			path = Score;
			sourceTree = "<group>";
		};
		56AC72F3294A012600A60F47 = {
			isa = PBXGroup;
			children = (
				56F3EAD1296D0B8B0095AEF4 /* Life@USTC.entitlements */,
				56E8AD6E2972F56C009006D0 /* CHANGELOG.md */,
				56BE91F82965D05A00822C98 /* README.md */,
				568A959A295D75D2004272E2 /* LaunchScreen.storyboard */,
				56558802294D75100010E060 /* Assets */,
				56BE91F42962FDF000822C98 /* General */,
				565587F5294D635E0010E060 /* Models */,
				56FA8E7A297D7263000AC3A9 /* Widget */,
				56AC7301294A012F00A60F47 /* Products */,
				565587F4294D632D0010E060 /* Views */,
				56F3EAE2296EFC6C0095AEF4 /* Frameworks */,
				2BBEA9FBFB8C9A607C68EB2F /* TPNS */,
				3169F6CDCAD06B0C5179F559 /* TPNSService */,
			);
			sourceTree = "<group>";
		};
		56AC7301294A012F00A60F47 /* Products */ = {
			isa = PBXGroup;
			children = (
				56AC7300294A012F00A60F47 /* Life@USTC.app */,
				56FA8E75297D7263000AC3A9 /* Widget iOS.appex */,
				561127FD298148E900BB66EE /* Widget macOS.appex */,
				B766B60160E4B33F87B053CD /* TPNSService.appex */,
			);
			name = Products;
			sourceTree = "<group>";
		};
		56BE91F42962FDF000822C98 /* General */ = {
			isa = PBXGroup;
			children = (
				56143F6C295EE47A008CE454 /* AsyncCalls.swift */,
				56143F6A295EDEA5008CE454 /* Constants.swift */,
				5621691B2955BEC500DF46BE /* DateExtension.swift */,
				56BE91F62963EF1600822C98 /* ExceptionCalls.swift */,
				56BE91FA296677A300822C98 /* SwiftExtension.swift */,
				56BE91F22962F77800822C98 /* UUIDExtension.swift */,
			);
			path = General;
			sourceTree = "<group>";
		};
		56BE91F52962FEA900822C98 /* Shared */ = {
			isa = PBXGroup;
			children = (
				5621691D2955BECA00DF46BE /* UserType.swift */,
			);
			path = Shared;
			sourceTree = "<group>";
		};
		56BE9200296679DB00822C98 /* Curriculum */ = {
			isa = PBXGroup;
			children = (
				56BE91FE296679BC00822C98 /* CurriculumPreview.swift */,
				56BE91FC2966799200822C98 /* CourseCardView.swift */,
				56D175BF295048A10070778F /* CurriculumView.swift */,
			);
			path = Curriculum;
			sourceTree = "<group>";
		};
		56C1424F29F64602007D9BD4 /* PushNotification */ = {
			isa = PBXGroup;
			children = (
				56C1425029F64618007D9BD4 /* PushNotification.swift */,
			);
			path = PushNotification;
			sourceTree = "<group>";
		};
		56C1425229F64886007D9BD4 /* PushNotification */ = {
			isa = PBXGroup;
			children = (
				56C1425329F648A6007D9BD4 /* TPNSClient.swift */,
			);
			path = PushNotification;
			sourceTree = "<group>";
		};
		56D175C4295411DA0070778F /* USTC */ = {
			isa = PBXGroup;
			children = (
				56A3B87329A8B85400BFE64F /* Score */,
				56A3B87229A8B84C00BFE64F /* Course */,
				56A3B87129A8B83E00BFE64F /* Exam */,
				565587F0294C4E5D0010E060 /* UstcUgAAS.swift */,
				5655880A294DEA6B0010E060 /* UstcCAS.swift */,
				56E8AD6F2973D0DB009006D0 /* UstcCatalog.swift */,
				56128F4F298D38FE0080A9F7 /* UstcWeixin.swift */,
			);
			path = USTC;
			sourceTree = "<group>";
		};
		56D175C9295438E80070778F /* Feed */ = {
			isa = PBXGroup;
			children = (
				56D175C5295438870070778F /* FeedCache.swift */,
				565587B7294AE7910010E060 /* Feed.swift */,
				56D175C7295438E20070778F /* FeedSource.swift */,
			);
			path = Feed;
			sourceTree = "<group>";
		};
		56D175CA295456F10070778F /* Feed */ = {
			isa = PBXGroup;
			children = (
				565587B2294ABE7B0010E060 /* Card.swift */,
				56D175CB295457100070778F /* FeedSourceView.swift */,
				56D175CD295457810070778F /* FeedView.swift */,
				56D175CF2954589D0070778F /* FeedVStackView.swift */,
				562169252956D49E00DF46BE /* FeedHScrollView.swift */,
			);
			path = Feed;
			sourceTree = "<group>";
		};
		56E8AD6B296FEEDD009006D0 /* Score */ = {
			isa = PBXGroup;
			children = (
				56E8AD6C296FEEE9009006D0 /* ScoreView.swift */,
			);
			path = Score;
			sourceTree = "<group>";
		};
		56E8AD732973F229009006D0 /* Classroom */ = {
			isa = PBXGroup;
			children = (
				56E8AD742973F25E009006D0 /* ClassroomView.swift */,
			);
			path = Classroom;
			sourceTree = "<group>";
		};
		56E94E21298A775C0085241B /* Settings */ = {
			isa = PBXGroup;
			children = (
				56E94E22298A77790085241B /* AboutPage.swift */,
				56E94E24298A77990085241B /* LegalPage.swift */,
				56E94E26298A77D00085241B /* NotificationPage.swift */,
				56E94E28298A77F80085241B /* FeedPage.swift */,
				56E94E2A298AA3720085241B /* ExamPage.swift */,
				567FA93029D083180003050F /* AppPage.swift */,
			);
			path = Settings;
			sourceTree = "<group>";
		};
		56F3EAD7296EB7E60095AEF4 /* Exam */ = {
			isa = PBXGroup;
			children = (
				56F3EAD9296EB7FD0095AEF4 /* ExamPreview.swift */,
				56F3EADB296EB9EA0095AEF4 /* ExamView.swift */,
			);
			path = Exam;
			sourceTree = "<group>";
		};
		56F3EAE2296EFC6C0095AEF4 /* Frameworks */ = {
			isa = PBXGroup;
			children = (
				56FA8E76297D7263000AC3A9 /* WidgetKit.framework */,
				56FA8E78297D7263000AC3A9 /* SwiftUI.framework */,
				A419DE96C0C3F0A443D9C8E7 /* libz.tbd */,
				31A12D0A8ED351CBE8B39C7A /* libsqlite3.0.tbd */,
				597AF30F8CD7EBFEF689D01B /* CFNetwork.framework */,
				B238F82A27602447BBF1630E /* SystemConfiguration.framework */,
				3382E828813FA9C0554457CA /* CoreTelephony.framework */,
				55DDCF5537E65C2C916A8BC3 /* Security.framework */,
				F56F1EC6CC15C289C92E2ECF /* CoreData.framework */,
				8374F92F03832B8097F86E2D /* XGMTACloud.framework */,
				0022E5088450BB80383ABCB3 /* UserNotifications.framework */,
				2695CD8B2F65282F8E6DC570 /* iOS */,
			);
			name = Frameworks;
			sourceTree = "<group>";
		};
		56FA8E7A297D7263000AC3A9 /* Widget */ = {
			isa = PBXGroup;
			children = (
				569CFE4B297E85F30072C094 /* Widget.entitlements */,
				569CFE4D297EBCFA0072C094 /* Assets */,
				56FA8E7B297D7263000AC3A9 /* WidgetBundle.swift */,
				56AAF0F829B71C34007BFC60 /* CurriculumWidget.swift */,
				56FA8E7F297D7263000AC3A9 /* ExamWidget.swift */,
				56FA8E81297D7264000AC3A9 /* Widget.intentdefinition */,
				56FA8E84297D7264000AC3A9 /* Info.plist */,
			);
			path = Widget;
			sourceTree = "<group>";
		};
		6F7B48CC2B802B1041582133 /* TPNSExtensionLib */ = {
			isa = PBXGroup;
			children = (
				C2446B2F1DC1CD08DF9BF47D /* XGExtension.h */,
				BE2D52E8281AE29E2F171EB6 /* libXGExtension.a */,
			);
			path = TPNSExtensionLib;
			sourceTree = "<group>";
		};
/* End PBXGroup section */

/* Begin PBXNativeTarget section */
		561127FC298148E900BB66EE /* Widget macOS */ = {
			isa = PBXNativeTarget;
			buildConfigurationList = 5611280A298148EA00BB66EE /* Build configuration list for PBXNativeTarget "Widget macOS" */;
			buildPhases = (
				561127F9298148E900BB66EE /* Sources */,
				561127FA298148E900BB66EE /* Frameworks */,
				561127FB298148E900BB66EE /* Resources */,
			);
			buildRules = (
			);
			dependencies = (
			);
			name = "Widget macOS";
			packageProductDependencies = (
				5611282129814B7B00BB66EE /* FeedKit */,
				5611282329814B7B00BB66EE /* SwiftyJSON */,
				5611282529814B7B00BB66EE /* SwiftFormat */,
				5611282729814B7B00BB66EE /* SwiftSoup */,
				5611282929814B7B00BB66EE /* Reeeed */,
				5611282B29814B7B00BB66EE /* Introspect */,
			);
			productName = ExamWidgetExtension;
			productReference = 561127FD298148E900BB66EE /* Widget macOS.appex */;
			productType = "com.apple.product-type.app-extension";
		};
		56AC72FF294A012F00A60F47 /* Life@USTC */ = {
			isa = PBXNativeTarget;
			buildConfigurationList = 56AC7311294A012F00A60F47 /* Build configuration list for PBXNativeTarget "Life@USTC" */;
			buildPhases = (
				56AC72FC294A012F00A60F47 /* Sources */,
				56AC72FD294A012F00A60F47 /* Frameworks */,
				56AC72FE294A012F00A60F47 /* Resources */,
				565587DF294AF61E0010E060 /* Embed Frameworks */,
				5611272629813AAC00BB66EE /* Embed Foundation Extensions */,
				B93F358E78A48606EACA157C /* Embed Foundation Extensions */,
			);
			buildRules = (
			);
			dependencies = (
				5611272529813AAC00BB66EE /* PBXTargetDependency */,
				5611282F29814CDA00BB66EE /* PBXTargetDependency */,
				3A398E4BD52816676C149598 /* PBXTargetDependency */,
			);
			name = "Life@USTC";
			packageProductDependencies = (
				56D175B7294F01EA0070778F /* FeedKit */,
				56D175BC295044FF0070778F /* SwiftyJSON */,
				56F3EAD3296EAF020095AEF4 /* SwiftSoup */,
				56E8AD66296F069E009006D0 /* Reeeed */,
				56112706298126C100BB66EE /* Introspect */,
				56A7D71729DD20AD00EE7880 /* LoremSwiftum */,
			);
			productName = "Life@USTC (iOS)";
			productReference = 56AC7300294A012F00A60F47 /* Life@USTC.app */;
			productType = "com.apple.product-type.application";
		};
		56FA8E74297D7263000AC3A9 /* Widget iOS */ = {
			isa = PBXNativeTarget;
			buildConfigurationList = 56FA8E8A297D7264000AC3A9 /* Build configuration list for PBXNativeTarget "Widget iOS" */;
			buildPhases = (
				56FA8E71297D7263000AC3A9 /* Sources */,
				56FA8E72297D7263000AC3A9 /* Frameworks */,
				56FA8E73297D7263000AC3A9 /* Resources */,
			);
			buildRules = (
			);
			dependencies = (
			);
			name = "Widget iOS";
			packageProductDependencies = (
				569CFE43297D87620072C094 /* SwiftyJSON */,
				569CFE45297D87640072C094 /* SwiftFormat */,
				569CFE47297D87660072C094 /* SwiftSoup */,
				569CFE49297D87690072C094 /* Reeeed */,
				5611272129813A1700BB66EE /* Introspect */,
			);
			productName = ExamWidgetExtension;
			productReference = 56FA8E75297D7263000AC3A9 /* Widget iOS.appex */;
			productType = "com.apple.product-type.app-extension";
		};
		86B22FE4CF1A3B007729F5D4 /* TPNSService */ = {
			isa = PBXNativeTarget;
			buildConfigurationList = CD760241AB469397A387050B /* Build configuration list for PBXNativeTarget "TPNSService" */;
			buildPhases = (
				43B046D0105C88187AB05B9D /* Sources */,
				1A690924AD42A013C1734648 /* Frameworks */,
				3CFC7C6F4D7FDF8E1A0339AA /* Resources */,
			);
			buildRules = (
			);
			dependencies = (
			);
			name = TPNSService;
			productName = TPNSService;
			productReference = B766B60160E4B33F87B053CD /* TPNSService.appex */;
			productType = "com.apple.product-type.app-extension";
		};
/* End PBXNativeTarget section */

/* Begin PBXProject section */
		56AC72F4294A012600A60F47 /* Project object */ = {
			isa = PBXProject;
			attributes = {
				BuildIndependentTargetsInParallel = 1;
				LastSwiftUpdateCheck = 1420;
				LastUpgradeCheck = 1430;
				TargetAttributes = {
					561127FC298148E900BB66EE = {
						CreatedOnToolsVersion = 14.2;
					};
					56AC72FF294A012F00A60F47 = {
						CreatedOnToolsVersion = 13.2.1;
					};
					56FA8E74297D7263000AC3A9 = {
						CreatedOnToolsVersion = 14.2;
					};
				};
			};
			buildConfigurationList = 56AC72F7294A012600A60F47 /* Build configuration list for PBXProject "Life@USTC" */;
			compatibilityVersion = "Xcode 13.0";
			developmentRegion = en;
			hasScannedForEncodings = 0;
			knownRegions = (
				en,
				Base,
				"zh-Hans",
			);
			mainGroup = 56AC72F3294A012600A60F47;
			packageReferences = (
				56D175B6294F01EA0070778F /* XCRemoteSwiftPackageReference "FeedKit" */,
				56D175BB295044FF0070778F /* XCRemoteSwiftPackageReference "SwiftyJSON" */,
				56143F65295EC80D008CE454 /* XCRemoteSwiftPackageReference "SwiftFormat" */,
				56F3EAD2296EAF020095AEF4 /* XCRemoteSwiftPackageReference "SwiftSoup" */,
				56E8AD65296F069E009006D0 /* XCRemoteSwiftPackageReference "reeeed" */,
				56112705298126C100BB66EE /* XCRemoteSwiftPackageReference "SwiftUI-Introspect" */,
				56A7D71629DD20AD00EE7880 /* XCRemoteSwiftPackageReference "LoremSwiftum" */,
			);
			productRefGroup = 56AC7301294A012F00A60F47 /* Products */;
			projectDirPath = "";
			projectRoot = "";
			targets = (
				56AC72FF294A012F00A60F47 /* Life@USTC */,
				56FA8E74297D7263000AC3A9 /* Widget iOS */,
				561127FC298148E900BB66EE /* Widget macOS */,
				86B22FE4CF1A3B007729F5D4 /* TPNSService */,
			);
		};
/* End PBXProject section */

/* Begin PBXResourcesBuildPhase section */
		3CFC7C6F4D7FDF8E1A0339AA /* Resources */ = {
			isa = PBXResourcesBuildPhase;
			buildActionMask = 2147483647;
			files = (
			);
			runOnlyForDeploymentPostprocessing = 0;
		};
		561127FB298148E900BB66EE /* Resources */ = {
			isa = PBXResourcesBuildPhase;
			buildActionMask = 2147483647;
			files = (
				56112813298149FA00BB66EE /* Assets.xcassets in Resources */,
				56112812298149F700BB66EE /* Localizable.strings in Resources */,
			);
			runOnlyForDeploymentPostprocessing = 0;
		};
		56AC72FE294A012F00A60F47 /* Resources */ = {
			isa = PBXResourcesBuildPhase;
			buildActionMask = 2147483647;
			files = (
				56AC730D294A012F00A60F47 /* Assets.xcassets in Resources */,
				56BE91F92965D05A00822C98 /* README.md in Resources */,
				565587EA294B46900010E060 /* Localizable.strings in Resources */,
				56E8AD722973EC0F009006D0 /* UstcRooms.json in Resources */,
			);
			runOnlyForDeploymentPostprocessing = 0;
		};
		56FA8E73297D7263000AC3A9 /* Resources */ = {
			isa = PBXResourcesBuildPhase;
			buildActionMask = 2147483647;
			files = (
				56FA8E83297D7264000AC3A9 /* Assets.xcassets in Resources */,
				569CFE50297EBD240072C094 /* Localizable.strings in Resources */,
			);
			runOnlyForDeploymentPostprocessing = 0;
		};
/* End PBXResourcesBuildPhase section */

/* Begin PBXSourcesBuildPhase section */
		43B046D0105C88187AB05B9D /* Sources */ = {
			isa = PBXSourcesBuildPhase;
			buildActionMask = 2147483647;
			files = (
				299CC5634936A26A0F10C17F /* NotificationService.m in Sources */,
			);
			runOnlyForDeploymentPostprocessing = 0;
		};
		561127F9298148E900BB66EE /* Sources */ = {
			isa = PBXSourcesBuildPhase;
			buildActionMask = 2147483647;
			files = (
				5611281E29814B1300BB66EE /* UUIDExtension.swift in Sources */,
				5611281929814AED00BB66EE /* Course.swift in Sources */,
				56C3A72729BDA10500A5017A /* CurriculumWidget.swift in Sources */,
				5611281B29814B1300BB66EE /* Constants.swift in Sources */,
				56A3B87029A88A5600BFE64F /* SwiftUIExtension.swift in Sources */,
				5611281429814AED00BB66EE /* Exam.swift in Sources */,
				5611281629814AED00BB66EE /* CourseScore.swift in Sources */,
				5611281A29814B1300BB66EE /* SwiftExtension.swift in Sources */,
				5611281D29814B1300BB66EE /* DateExtension.swift in Sources */,
				56A3B87D29A8B8C600BFE64F /* ScoreDelegate.swift in Sources */,
				5611281829814AED00BB66EE /* UstcUgAAS.swift in Sources */,
				56A3B87729A8B88400BFE64F /* ExamDelegate.swift in Sources */,
				5611281F29814B1300BB66EE /* ExceptionCalls.swift in Sources */,
				56112810298149F200BB66EE /* ExamWidget.swift in Sources */,
				56A3B87F29A8B8EC00BFE64F /* CurriculumDelegate.swift in Sources */,
				56128F52298D38FE0080A9F7 /* UstcWeixin.swift in Sources */,
				5611281729814AED00BB66EE /* UstcCAS.swift in Sources */,
				5611281C29814B1300BB66EE /* AsyncCalls.swift in Sources */,
				5611280F298149EF00BB66EE /* Widget.intentdefinition in Sources */,
				5611281529814AED00BB66EE /* UstcCatalog.swift in Sources */,
				56112811298149F400BB66EE /* WidgetBundle.swift in Sources */,
			);
			runOnlyForDeploymentPostprocessing = 0;
		};
		56AC72FC294A012F00A60F47 /* Sources */ = {
			isa = PBXSourcesBuildPhase;
			buildActionMask = 2147483647;
			files = (
				562169262956D49E00DF46BE /* FeedHScrollView.swift in Sources */,
				56BE91FD2966799200822C98 /* CourseCardView.swift in Sources */,
				56F3EADA296EB7FD0095AEF4 /* ExamPreview.swift in Sources */,
				5621691C2955BEC500DF46BE /* DateExtension.swift in Sources */,
				56558809294DC9D40010E060 /* SettingsView.swift in Sources */,
				56BE91F32962F77800822C98 /* UUIDExtension.swift in Sources */,
				56D175C0295048A10070778F /* CurriculumView.swift in Sources */,
				567FA93129D083180003050F /* AppPage.swift in Sources */,
				56558804294D93810010E060 /* FeaturesView.swift in Sources */,
				56A3B87929A8B8A400BFE64F /* CurriculumDelegate.swift in Sources */,
				56558801294D74BB0010E060 /* CASLoginView.swift in Sources */,
				56DD03A8296D0924004C358C /* AppDelegate.swift in Sources */,
				56E94E25298A77990085241B /* LegalPage.swift in Sources */,
				562169222955BEDE00DF46BE /* ContentView.swift in Sources */,
				56D18BBE29E140DE002C6677 /* RectangleProgressBar.swift in Sources */,
				56143F6D295EE47A008CE454 /* AsyncCalls.swift in Sources */,
				56D175C6295438870070778F /* FeedCache.swift in Sources */,
				5694D91829668191009CFCDF /* Course.swift in Sources */,
				56BE91FF296679BC00822C98 /* CurriculumPreview.swift in Sources */,
				56FA8E86297D7264000AC3A9 /* Widget.intentdefinition in Sources */,
				56143F6B295EDEA5008CE454 /* Constants.swift in Sources */,
				565587FE294D67D80010E060 /* SwiftUIExtension.swift in Sources */,
				56C1425129F64618007D9BD4 /* PushNotification.swift in Sources */,
				56F3EAD6296EB3B70095AEF4 /* Exam.swift in Sources */,
				565587B6294ACEFD0010E060 /* Browser.swift in Sources */,
				56BE91FB296677A300822C98 /* SwiftExtension.swift in Sources */,
				56128F59298D45030080A9F7 /* HealthCheckPreview.swift in Sources */,
				565A11B829FF565E00310C8B /* WelcomeView.swift in Sources */,
				56E8AD6A296FE880009006D0 /* CourseScore.swift in Sources */,
				56E8AD752973F25E009006D0 /* ClassroomView.swift in Sources */,
				562169242955BEF900DF46BE /* UserTypeView.swift in Sources */,
				56E94E2B298AA3720085241B /* ExamPage.swift in Sources */,
				56A3B86C29A889B500BFE64F /* Navigation.swift in Sources */,
				565587E7294B43BD0010E060 /* HomeView.swift in Sources */,
				56D175D02954589D0070778F /* FeedVStackView.swift in Sources */,
				56E8AD702973D0DB009006D0 /* UstcCatalog.swift in Sources */,
				56D175CE295457810070778F /* FeedView.swift in Sources */,
				56A3B87B29A8B8C600BFE64F /* ScoreDelegate.swift in Sources */,
				565587B8294AE7910010E060 /* Feed.swift in Sources */,
				565587F1294C4E5E0010E060 /* UstcUgAAS.swift in Sources */,
				565587B3294ABE7C0010E060 /* Card.swift in Sources */,
				56A3B87529A8B86700BFE64F /* ExamDelegate.swift in Sources */,
				5621691E2955BECA00DF46BE /* UserType.swift in Sources */,
				56E94E27298A77D00085241B /* NotificationPage.swift in Sources */,
				56128F50298D38FE0080A9F7 /* UstcWeixin.swift in Sources */,
				56734CDF297D86C600DBB45F /* UstcCAS.swift in Sources */,
				56E8AD6D296FEEE9009006D0 /* ScoreView.swift in Sources */,
				56C1425429F648A6007D9BD4 /* TPNSClient.swift in Sources */,
				56A3B86E29A889D100BFE64F /* AsyncView.swift in Sources */,
				56E94E23298A77790085241B /* AboutPage.swift in Sources */,
				56D175C8295438E20070778F /* FeedSource.swift in Sources */,
				56128F54298D3D2D0080A9F7 /* HealthCheck.swift in Sources */,
				56D175CC295457100070778F /* FeedSourceView.swift in Sources */,
				56E94E29298A77F80085241B /* FeedPage.swift in Sources */,
				56F3EADC296EB9EA0095AEF4 /* ExamView.swift in Sources */,
				56BE91F72963EF1600822C98 /* ExceptionCalls.swift in Sources */,
			);
			runOnlyForDeploymentPostprocessing = 0;
		};
		56FA8E71297D7263000AC3A9 /* Sources */ = {
			isa = PBXSourcesBuildPhase;
			buildActionMask = 2147483647;
			files = (
				56734CEB297D871500DBB45F /* SwiftExtension.swift in Sources */,
				56734CEE297D871500DBB45F /* ExceptionCalls.swift in Sources */,
				56C3A72629BDA10400A5017A /* CurriculumWidget.swift in Sources */,
				56734CF0297D871500DBB45F /* UUIDExtension.swift in Sources */,
				56A3B86F29A88A5600BFE64F /* SwiftUIExtension.swift in Sources */,
				56734CEA297D86F200DBB45F /* UstcUgAAS.swift in Sources */,
				56734CE7297D86F200DBB45F /* Exam.swift in Sources */,
				56734CE8297D86F200DBB45F /* CourseScore.swift in Sources */,
				56734CEF297D871500DBB45F /* Constants.swift in Sources */,
				56A3B87C29A8B8C600BFE64F /* ScoreDelegate.swift in Sources */,
				56734CE6297D86F200DBB45F /* Course.swift in Sources */,
				56A3B87629A8B88400BFE64F /* ExamDelegate.swift in Sources */,
				56734CED297D871500DBB45F /* DateExtension.swift in Sources */,
				56734CE9297D86F200DBB45F /* UstcCatalog.swift in Sources */,
				56A3B87E29A8B8EC00BFE64F /* CurriculumDelegate.swift in Sources */,
				56128F51298D38FE0080A9F7 /* UstcWeixin.swift in Sources */,
				56FA8E7C297D7263000AC3A9 /* WidgetBundle.swift in Sources */,
				56734CE5297D86F200DBB45F /* UstcCAS.swift in Sources */,
				56734CEC297D871500DBB45F /* AsyncCalls.swift in Sources */,
				56FA8E80297D7263000AC3A9 /* ExamWidget.swift in Sources */,
				56FA8E85297D7264000AC3A9 /* Widget.intentdefinition in Sources */,
			);
			runOnlyForDeploymentPostprocessing = 0;
		};
/* End PBXSourcesBuildPhase section */

/* Begin PBXTargetDependency section */
		3A398E4BD52816676C149598 /* PBXTargetDependency */ = {
			isa = PBXTargetDependency;
			name = TPNSService;
			platformFilter = ios;
			target = 86B22FE4CF1A3B007729F5D4 /* TPNSService */;
			targetProxy = 6D885CC0272CA873CCFE52E9 /* PBXContainerItemProxy */;
		};
		5611272529813AAC00BB66EE /* PBXTargetDependency */ = {
			isa = PBXTargetDependency;
			platformFilter = ios;
			target = 56FA8E74297D7263000AC3A9 /* Widget iOS */;
			targetProxy = 5611272429813AAC00BB66EE /* PBXContainerItemProxy */;
		};
		5611282F29814CDA00BB66EE /* PBXTargetDependency */ = {
			isa = PBXTargetDependency;
			platformFilters = (
				macos,
			);
			target = 561127FC298148E900BB66EE /* Widget macOS */;
			targetProxy = 5611282E29814CDA00BB66EE /* PBXContainerItemProxy */;
		};
/* End PBXTargetDependency section */

/* Begin PBXVariantGroup section */
		565587EC294B46900010E060 /* Localizable.strings */ = {
			isa = PBXVariantGroup;
			children = (
				565587EB294B46900010E060 /* en */,
				565587EF294B46BB0010E060 /* zh-Hans */,
			);
			name = Localizable.strings;
			sourceTree = "<group>";
		};
		569CFE52297EBD240072C094 /* Localizable.strings */ = {
			isa = PBXVariantGroup;
			children = (
				569CFE51297EBD240072C094 /* en */,
				569CFE53297EBD2E0072C094 /* zh-Hans */,
			);
			name = Localizable.strings;
			sourceTree = "<group>";
		};
/* End PBXVariantGroup section */

/* Begin XCBuildConfiguration section */
		15E82F15D6A11ADFA59A3640 /* Release */ = {
			isa = XCBuildConfiguration;
			buildSettings = {
				ALLOW_TARGET_PLATFORM_SPECIALIZATION = YES;
				CLANG_ENABLE_OBJC_WEAK = NO;
				DEVELOPMENT_TEAM = VUW8FV5HN5;
				"EXCLUDED_ARCHS[sdk=iphonesimulator*]" = arm64;
				INFOPLIST_FILE = TPNSService/Info.plist;
				IPHONEOS_DEPLOYMENT_TARGET = 12.0;
				LD_RUNPATH_SEARCH_PATHS = (
					"$(inherited)",
					"@executable_path/Frameworks",
					"@executable_path/../../Frameworks",
				);
				LIBRARY_SEARCH_PATHS = (
					"$(inherited)",
					"$(PROJECT_DIR)/TPNSService/TPNSExtensionLib",
				);
				MARKETING_VERSION = 1.0.1;
				ONLY_ACTIVE_ARCH = YES;
				PRODUCT_BUNDLE_IDENTIFIER = "dev.tiankaima.Life-USTC.TPNSService";
				PRODUCT_NAME = "$(TARGET_NAME)";
				SDKROOT = iphoneos;
				SKIP_INSTALL = YES;
				TARGETED_DEVICE_FAMILY = "1,2";
				VALIDATE_PRODUCT = YES;
			};
			name = Release;
		};
		2AAD22D5232439D1C942778E /* Debug */ = {
			isa = XCBuildConfiguration;
			buildSettings = {
				ALLOW_TARGET_PLATFORM_SPECIALIZATION = YES;
				CLANG_ENABLE_OBJC_WEAK = NO;
				DEVELOPMENT_TEAM = VUW8FV5HN5;
				"EXCLUDED_ARCHS[sdk=iphonesimulator*]" = arm64;
				INFOPLIST_FILE = TPNSService/Info.plist;
				IPHONEOS_DEPLOYMENT_TARGET = 12.0;
				LD_RUNPATH_SEARCH_PATHS = (
					"$(inherited)",
					"@executable_path/Frameworks",
					"@executable_path/../../Frameworks",
				);
				LIBRARY_SEARCH_PATHS = (
					"$(inherited)",
					"$(PROJECT_DIR)/TPNSService/TPNSExtensionLib",
				);
				MARKETING_VERSION = 1.0.1;
				PRODUCT_BUNDLE_IDENTIFIER = "dev.tiankaima.Life-USTC.TPNSService";
				PRODUCT_NAME = "$(TARGET_NAME)";
				SDKROOT = iphoneos;
				SKIP_INSTALL = YES;
				TARGETED_DEVICE_FAMILY = "1,2";
			};
			name = Debug;
		};
		5611280B298148EA00BB66EE /* Debug */ = {
			isa = XCBuildConfiguration;
			buildSettings = {
				ASSETCATALOG_COMPILER_GLOBAL_ACCENT_COLOR_NAME = AccentColor;
				ASSETCATALOG_COMPILER_WIDGET_BACKGROUND_COLOR_NAME = WidgetBackground;
				CLANG_CXX_LANGUAGE_STANDARD = "gnu++20";
				CODE_SIGN_ENTITLEMENTS = Widget/Widget.entitlements;
				CODE_SIGN_IDENTITY = "Apple Development";
				CODE_SIGN_STYLE = Automatic;
				CURRENT_PROJECT_VERSION = 1;
				DEVELOPMENT_TEAM = VUW8FV5HN5;
				ENABLE_HARDENED_RUNTIME = YES;
				GENERATE_INFOPLIST_FILE = YES;
				INFOPLIST_FILE = Widget/Info.plist;
				INFOPLIST_KEY_CFBundleDisplayName = ExamWidget;
				INFOPLIST_KEY_NSHumanReadableCopyright = "";
				LD_RUNPATH_SEARCH_PATHS = (
					"$(inherited)",
					"@executable_path/../Frameworks",
					"@executable_path/../../../../Frameworks",
				);
				MACOSX_DEPLOYMENT_TARGET = 13.1;
				MARKETING_VERSION = 1.0.1;
				PRODUCT_BUNDLE_IDENTIFIER = "dev.tiankaima.Life-USTC.Widget";
				PRODUCT_NAME = "$(TARGET_NAME)";
				PROVISIONING_PROFILE_SPECIFIER = "";
				SDKROOT = macosx;
				SKIP_INSTALL = YES;
				SWIFT_EMIT_LOC_STRINGS = YES;
				SWIFT_VERSION = 5.0;
			};
			name = Debug;
		};
		5611280C298148EA00BB66EE /* Release */ = {
			isa = XCBuildConfiguration;
			buildSettings = {
				ASSETCATALOG_COMPILER_GLOBAL_ACCENT_COLOR_NAME = AccentColor;
				ASSETCATALOG_COMPILER_WIDGET_BACKGROUND_COLOR_NAME = WidgetBackground;
				CLANG_CXX_LANGUAGE_STANDARD = "gnu++20";
				CODE_SIGN_ENTITLEMENTS = Widget/Widget.entitlements;
				CODE_SIGN_IDENTITY = "Apple Development";
				CODE_SIGN_STYLE = Automatic;
				CURRENT_PROJECT_VERSION = 1;
				DEVELOPMENT_TEAM = VUW8FV5HN5;
				ENABLE_HARDENED_RUNTIME = YES;
				GENERATE_INFOPLIST_FILE = YES;
				INFOPLIST_FILE = Widget/Info.plist;
				INFOPLIST_KEY_CFBundleDisplayName = ExamWidget;
				INFOPLIST_KEY_NSHumanReadableCopyright = "";
				LD_RUNPATH_SEARCH_PATHS = (
					"$(inherited)",
					"@executable_path/../Frameworks",
					"@executable_path/../../../../Frameworks",
				);
				MACOSX_DEPLOYMENT_TARGET = 13.1;
				MARKETING_VERSION = 1.0.1;
				PRODUCT_BUNDLE_IDENTIFIER = "dev.tiankaima.Life-USTC.Widget";
				PRODUCT_NAME = "$(TARGET_NAME)";
				PROVISIONING_PROFILE_SPECIFIER = "";
				SDKROOT = macosx;
				SKIP_INSTALL = YES;
				SWIFT_EMIT_LOC_STRINGS = YES;
				SWIFT_VERSION = 5.0;
			};
			name = Release;
		};
		56AC730F294A012F00A60F47 /* Debug */ = {
			isa = XCBuildConfiguration;
			buildSettings = {
				ALWAYS_SEARCH_USER_PATHS = NO;
				CLANG_ANALYZER_LOCALIZABILITY_NONLOCALIZED = YES;
				CLANG_ANALYZER_NONNULL = YES;
				CLANG_ANALYZER_NUMBER_OBJECT_CONVERSION = YES_AGGRESSIVE;
				CLANG_CXX_LANGUAGE_STANDARD = "gnu++17";
				CLANG_CXX_LIBRARY = "libc++";
				CLANG_ENABLE_MODULES = YES;
				CLANG_ENABLE_OBJC_ARC = YES;
				CLANG_ENABLE_OBJC_WEAK = YES;
				CLANG_WARN_BLOCK_CAPTURE_AUTORELEASING = YES;
				CLANG_WARN_BOOL_CONVERSION = YES;
				CLANG_WARN_COMMA = YES;
				CLANG_WARN_CONSTANT_CONVERSION = YES;
				CLANG_WARN_DEPRECATED_OBJC_IMPLEMENTATIONS = YES;
				CLANG_WARN_DIRECT_OBJC_ISA_USAGE = YES_ERROR;
				CLANG_WARN_DOCUMENTATION_COMMENTS = YES;
				CLANG_WARN_EMPTY_BODY = YES;
				CLANG_WARN_ENUM_CONVERSION = YES;
				CLANG_WARN_INFINITE_RECURSION = YES;
				CLANG_WARN_INT_CONVERSION = YES;
				CLANG_WARN_NON_LITERAL_NULL_CONVERSION = YES;
				CLANG_WARN_OBJC_IMPLICIT_RETAIN_SELF = YES;
				CLANG_WARN_OBJC_LITERAL_CONVERSION = YES;
				CLANG_WARN_OBJC_ROOT_CLASS = YES_ERROR;
				CLANG_WARN_QUOTED_INCLUDE_IN_FRAMEWORK_HEADER = YES;
				CLANG_WARN_RANGE_LOOP_ANALYSIS = YES;
				CLANG_WARN_STRICT_PROTOTYPES = YES;
				CLANG_WARN_SUSPICIOUS_MOVE = YES;
				CLANG_WARN_UNGUARDED_AVAILABILITY = YES_AGGRESSIVE;
				CLANG_WARN_UNREACHABLE_CODE = YES;
				CLANG_WARN__DUPLICATE_METHOD_MATCH = YES;
				COPY_PHASE_STRIP = NO;
				DEAD_CODE_STRIPPING = YES;
				DEBUG_INFORMATION_FORMAT = dwarf;
				ENABLE_STRICT_OBJC_MSGSEND = YES;
				ENABLE_TESTABILITY = YES;
				"EXCLUDED_ARCHS[sdk=iphonesimulator*]" = arm64;
				GCC_C_LANGUAGE_STANDARD = gnu11;
				GCC_DYNAMIC_NO_PIC = NO;
				GCC_NO_COMMON_BLOCKS = YES;
				GCC_OPTIMIZATION_LEVEL = 0;
				GCC_PREPROCESSOR_DEFINITIONS = (
					"DEBUG=1",
					"$(inherited)",
				);
				GCC_WARN_64_TO_32_BIT_CONVERSION = YES;
				GCC_WARN_ABOUT_RETURN_TYPE = YES_ERROR;
				GCC_WARN_UNDECLARED_SELECTOR = YES;
				GCC_WARN_UNINITIALIZED_AUTOS = YES_AGGRESSIVE;
				GCC_WARN_UNUSED_FUNCTION = YES;
				GCC_WARN_UNUSED_VARIABLE = YES;
				IPHONEOS_DEPLOYMENT_TARGET = 16.0;
				MACOSX_DEPLOYMENT_TARGET = 13.0;
				MTL_ENABLE_DEBUG_INFO = INCLUDE_SOURCE;
				MTL_FAST_MATH = YES;
				ONLY_ACTIVE_ARCH = YES;
				SDKROOT = iphoneos;
				SWIFT_ACTIVE_COMPILATION_CONDITIONS = DEBUG;
				SWIFT_OPTIMIZATION_LEVEL = "-Onone";
			};
			name = Debug;
		};
		56AC7310294A012F00A60F47 /* Release */ = {
			isa = XCBuildConfiguration;
			buildSettings = {
				ALWAYS_SEARCH_USER_PATHS = NO;
				CLANG_ANALYZER_LOCALIZABILITY_NONLOCALIZED = YES;
				CLANG_ANALYZER_NONNULL = YES;
				CLANG_ANALYZER_NUMBER_OBJECT_CONVERSION = YES_AGGRESSIVE;
				CLANG_CXX_LANGUAGE_STANDARD = "gnu++17";
				CLANG_CXX_LIBRARY = "libc++";
				CLANG_ENABLE_MODULES = YES;
				CLANG_ENABLE_OBJC_ARC = YES;
				CLANG_ENABLE_OBJC_WEAK = YES;
				CLANG_WARN_BLOCK_CAPTURE_AUTORELEASING = YES;
				CLANG_WARN_BOOL_CONVERSION = YES;
				CLANG_WARN_COMMA = YES;
				CLANG_WARN_CONSTANT_CONVERSION = YES;
				CLANG_WARN_DEPRECATED_OBJC_IMPLEMENTATIONS = YES;
				CLANG_WARN_DIRECT_OBJC_ISA_USAGE = YES_ERROR;
				CLANG_WARN_DOCUMENTATION_COMMENTS = YES;
				CLANG_WARN_EMPTY_BODY = YES;
				CLANG_WARN_ENUM_CONVERSION = YES;
				CLANG_WARN_INFINITE_RECURSION = YES;
				CLANG_WARN_INT_CONVERSION = YES;
				CLANG_WARN_NON_LITERAL_NULL_CONVERSION = YES;
				CLANG_WARN_OBJC_IMPLICIT_RETAIN_SELF = YES;
				CLANG_WARN_OBJC_LITERAL_CONVERSION = YES;
				CLANG_WARN_OBJC_ROOT_CLASS = YES_ERROR;
				CLANG_WARN_QUOTED_INCLUDE_IN_FRAMEWORK_HEADER = YES;
				CLANG_WARN_RANGE_LOOP_ANALYSIS = YES;
				CLANG_WARN_STRICT_PROTOTYPES = YES;
				CLANG_WARN_SUSPICIOUS_MOVE = YES;
				CLANG_WARN_UNGUARDED_AVAILABILITY = YES_AGGRESSIVE;
				CLANG_WARN_UNREACHABLE_CODE = YES;
				CLANG_WARN__DUPLICATE_METHOD_MATCH = YES;
				COPY_PHASE_STRIP = NO;
				DEAD_CODE_STRIPPING = YES;
				DEBUG_INFORMATION_FORMAT = "dwarf-with-dsym";
				ENABLE_NS_ASSERTIONS = NO;
				ENABLE_STRICT_OBJC_MSGSEND = YES;
				"EXCLUDED_ARCHS[sdk=iphonesimulator*]" = arm64;
				GCC_C_LANGUAGE_STANDARD = gnu11;
				GCC_NO_COMMON_BLOCKS = YES;
				GCC_WARN_64_TO_32_BIT_CONVERSION = YES;
				GCC_WARN_ABOUT_RETURN_TYPE = YES_ERROR;
				GCC_WARN_UNDECLARED_SELECTOR = YES;
				GCC_WARN_UNINITIALIZED_AUTOS = YES_AGGRESSIVE;
				GCC_WARN_UNUSED_FUNCTION = YES;
				GCC_WARN_UNUSED_VARIABLE = YES;
				IPHONEOS_DEPLOYMENT_TARGET = 16.0;
				MACOSX_DEPLOYMENT_TARGET = 13.0;
				MTL_ENABLE_DEBUG_INFO = NO;
				MTL_FAST_MATH = YES;
				ONLY_ACTIVE_ARCH = YES;
				SDKROOT = iphoneos;
				SWIFT_COMPILATION_MODE = wholemodule;
				SWIFT_OPTIMIZATION_LEVEL = "-O";
			};
			name = Release;
		};
		56AC7312294A012F00A60F47 /* Debug */ = {
			isa = XCBuildConfiguration;
			buildSettings = {
				ALLOW_TARGET_PLATFORM_SPECIALIZATION = YES;
				ALWAYS_EMBED_SWIFT_STANDARD_LIBRARIES = YES;
				ASSETCATALOG_COMPILER_APPICON_NAME = AppIcon;
				"ASSETCATALOG_COMPILER_APPICON_NAME[sdk=iphoneos*]" = AppIcon;
				"ASSETCATALOG_COMPILER_APPICON_NAME[sdk=macosx*]" = "AppIcon macOS";
				ASSETCATALOG_COMPILER_GLOBAL_ACCENT_COLOR_NAME = AccentColor;
				ASSETCATALOG_COMPILER_INCLUDE_ALL_APPICON_ASSETS = YES;
				CODE_SIGN_ENTITLEMENTS = "Life@USTC.entitlements";
				CODE_SIGN_STYLE = Automatic;
				CURRENT_PROJECT_VERSION = 1;
				DEVELOPMENT_TEAM = VUW8FV5HN5;
				ENABLE_PREVIEWS = YES;
				FRAMEWORK_SEARCH_PATHS = "$(PROJECT_DIR)/TPNS";
				GENERATE_INFOPLIST_FILE = YES;
				INFOPLIST_FILE = Info.plist;
				INFOPLIST_KEY_LSApplicationCategoryType = "public.app-category.productivity";
				INFOPLIST_KEY_NSCalendarsUsageDescription = "向日历中添加课表信息";
				INFOPLIST_KEY_UIApplicationSupportsIndirectInputEvents = YES;
				INFOPLIST_KEY_UISupportedInterfaceOrientations = UIInterfaceOrientationPortrait;
				INFOPLIST_KEY_UISupportedInterfaceOrientations_iPad = "UIInterfaceOrientationLandscapeLeft UIInterfaceOrientationLandscapeRight UIInterfaceOrientationPortrait UIInterfaceOrientationPortraitUpsideDown";
				IPHONEOS_DEPLOYMENT_TARGET = 16.0;
				LD_RUNPATH_SEARCH_PATHS = (
					"$(inherited)",
					"@executable_path/Frameworks",
				);
				LIBRARY_SEARCH_PATHS = "$(PROJECT_DIR)/TPNS";
				MACOSX_DEPLOYMENT_TARGET = 13.0;
				MARKETING_VERSION = 1.0.1;
				OTHER_LDFLAGS = "-ObjC";
				PRODUCT_BUNDLE_IDENTIFIER = "dev.tiankaima.Life-USTC";
				PRODUCT_NAME = "Life@USTC";
				SDKROOT = iphoneos;
				SUPPORTED_PLATFORMS = "iphoneos iphonesimulator macosx";
				SUPPORTS_MACCATALYST = NO;
				SUPPORTS_MAC_DESIGNED_FOR_IPHONE_IPAD = NO;
				SWIFT_EMIT_LOC_STRINGS = YES;
				SWIFT_OBJC_BRIDGING_HEADER = "TPNS/Life@USTC-Bridging-Header.h";
				SWIFT_VERSION = 5.0;
				TARGETED_DEVICE_FAMILY = "1,2";
				VALIDATE_PRODUCT = NO;
			};
			name = Debug;
		};
		56AC7313294A012F00A60F47 /* Release */ = {
			isa = XCBuildConfiguration;
			buildSettings = {
				ALLOW_TARGET_PLATFORM_SPECIALIZATION = YES;
				ALWAYS_EMBED_SWIFT_STANDARD_LIBRARIES = YES;
				ASSETCATALOG_COMPILER_APPICON_NAME = AppIcon;
				"ASSETCATALOG_COMPILER_APPICON_NAME[sdk=iphoneos*]" = AppIcon;
				"ASSETCATALOG_COMPILER_APPICON_NAME[sdk=macosx*]" = "AppIcon macOS";
				ASSETCATALOG_COMPILER_GLOBAL_ACCENT_COLOR_NAME = AccentColor;
				ASSETCATALOG_COMPILER_INCLUDE_ALL_APPICON_ASSETS = YES;
				CODE_SIGN_ENTITLEMENTS = "Life@USTC.entitlements";
				CODE_SIGN_STYLE = Automatic;
				CURRENT_PROJECT_VERSION = 1;
				DEVELOPMENT_TEAM = VUW8FV5HN5;
				ENABLE_PREVIEWS = YES;
				FRAMEWORK_SEARCH_PATHS = "$(PROJECT_DIR)/TPNS";
				GENERATE_INFOPLIST_FILE = YES;
				INFOPLIST_FILE = Info.plist;
				INFOPLIST_KEY_LSApplicationCategoryType = "public.app-category.productivity";
				INFOPLIST_KEY_NSCalendarsUsageDescription = "向日历中添加课表信息";
				INFOPLIST_KEY_UIApplicationSupportsIndirectInputEvents = YES;
				INFOPLIST_KEY_UISupportedInterfaceOrientations = UIInterfaceOrientationPortrait;
				INFOPLIST_KEY_UISupportedInterfaceOrientations_iPad = "UIInterfaceOrientationLandscapeLeft UIInterfaceOrientationLandscapeRight UIInterfaceOrientationPortrait UIInterfaceOrientationPortraitUpsideDown";
				IPHONEOS_DEPLOYMENT_TARGET = 16.0;
				LD_RUNPATH_SEARCH_PATHS = (
					"$(inherited)",
					"@executable_path/Frameworks",
				);
				LIBRARY_SEARCH_PATHS = "$(PROJECT_DIR)/TPNS";
				MACOSX_DEPLOYMENT_TARGET = 13.0;
				MARKETING_VERSION = 1.0.1;
				ONLY_ACTIVE_ARCH = YES;
				OTHER_LDFLAGS = "-ObjC";
				PRODUCT_BUNDLE_IDENTIFIER = "dev.tiankaima.Life-USTC";
				PRODUCT_NAME = "Life@USTC";
				SDKROOT = iphoneos;
				SUPPORTED_PLATFORMS = "iphoneos iphonesimulator macosx";
				SUPPORTS_MACCATALYST = NO;
				SUPPORTS_MAC_DESIGNED_FOR_IPHONE_IPAD = NO;
				SWIFT_EMIT_LOC_STRINGS = YES;
				SWIFT_OBJC_BRIDGING_HEADER = "TPNS/Life@USTC-Bridging-Header.h";
				SWIFT_VERSION = 5.0;
				TARGETED_DEVICE_FAMILY = "1,2";
				VALIDATE_PRODUCT = YES;
			};
			name = Release;
		};
		56FA8E8B297D7264000AC3A9 /* Debug */ = {
			isa = XCBuildConfiguration;
			buildSettings = {
				ASSETCATALOG_COMPILER_GLOBAL_ACCENT_COLOR_NAME = AccentColor;
				ASSETCATALOG_COMPILER_WIDGET_BACKGROUND_COLOR_NAME = WidgetBackground;
				CLANG_CXX_LANGUAGE_STANDARD = "gnu++20";
				CODE_SIGN_ENTITLEMENTS = Widget/Widget.entitlements;
				CODE_SIGN_STYLE = Automatic;
				CURRENT_PROJECT_VERSION = 1;
				DEVELOPMENT_TEAM = VUW8FV5HN5;
				GENERATE_INFOPLIST_FILE = YES;
				INFOPLIST_FILE = Widget/Info.plist;
				INFOPLIST_KEY_CFBundleDisplayName = Widget;
				INFOPLIST_KEY_NSHumanReadableCopyright = "";
				IPHONEOS_DEPLOYMENT_TARGET = 16.0;
				"IPHONEOS_DEPLOYMENT_TARGET[sdk=macosx*]" = 16.1;
				LD_RUNPATH_SEARCH_PATHS = (
					"$(inherited)",
					"@executable_path/Frameworks",
					"@executable_path/../../Frameworks",
				);
				MARKETING_VERSION = 1.0.1;
				PRODUCT_BUNDLE_IDENTIFIER = "dev.tiankaima.Life-USTC.Widget";
				PRODUCT_NAME = "$(TARGET_NAME)";
				SKIP_INSTALL = YES;
				SUPPORTS_MACCATALYST = YES;
				SWIFT_EMIT_LOC_STRINGS = YES;
				SWIFT_VERSION = 5.0;
				TARGETED_DEVICE_FAMILY = "1,2";
			};
			name = Debug;
		};
		56FA8E8C297D7264000AC3A9 /* Release */ = {
			isa = XCBuildConfiguration;
			buildSettings = {
				ASSETCATALOG_COMPILER_GLOBAL_ACCENT_COLOR_NAME = AccentColor;
				ASSETCATALOG_COMPILER_WIDGET_BACKGROUND_COLOR_NAME = WidgetBackground;
				CLANG_CXX_LANGUAGE_STANDARD = "gnu++20";
				CODE_SIGN_ENTITLEMENTS = Widget/Widget.entitlements;
				CODE_SIGN_STYLE = Automatic;
				CURRENT_PROJECT_VERSION = 1;
				DEVELOPMENT_TEAM = VUW8FV5HN5;
				GENERATE_INFOPLIST_FILE = YES;
				INFOPLIST_FILE = Widget/Info.plist;
				INFOPLIST_KEY_CFBundleDisplayName = Widget;
				INFOPLIST_KEY_NSHumanReadableCopyright = "";
				IPHONEOS_DEPLOYMENT_TARGET = 16.0;
				"IPHONEOS_DEPLOYMENT_TARGET[sdk=macosx*]" = 16.1;
				LD_RUNPATH_SEARCH_PATHS = (
					"$(inherited)",
					"@executable_path/Frameworks",
					"@executable_path/../../Frameworks",
				);
				MARKETING_VERSION = 1.0.1;
				PRODUCT_BUNDLE_IDENTIFIER = "dev.tiankaima.Life-USTC.Widget";
				PRODUCT_NAME = "$(TARGET_NAME)";
				SKIP_INSTALL = YES;
				SUPPORTS_MACCATALYST = YES;
				SWIFT_EMIT_LOC_STRINGS = YES;
				SWIFT_VERSION = 5.0;
				TARGETED_DEVICE_FAMILY = "1,2";
				VALIDATE_PRODUCT = YES;
			};
			name = Release;
		};
/* End XCBuildConfiguration section */

/* Begin XCConfigurationList section */
		5611280A298148EA00BB66EE /* Build configuration list for PBXNativeTarget "Widget macOS" */ = {
			isa = XCConfigurationList;
			buildConfigurations = (
				5611280B298148EA00BB66EE /* Debug */,
				5611280C298148EA00BB66EE /* Release */,
			);
			defaultConfigurationIsVisible = 0;
			defaultConfigurationName = Release;
		};
		56AC72F7294A012600A60F47 /* Build configuration list for PBXProject "Life@USTC" */ = {
			isa = XCConfigurationList;
			buildConfigurations = (
				56AC730F294A012F00A60F47 /* Debug */,
				56AC7310294A012F00A60F47 /* Release */,
			);
			defaultConfigurationIsVisible = 0;
			defaultConfigurationName = Release;
		};
		56AC7311294A012F00A60F47 /* Build configuration list for PBXNativeTarget "Life@USTC" */ = {
			isa = XCConfigurationList;
			buildConfigurations = (
				56AC7312294A012F00A60F47 /* Debug */,
				56AC7313294A012F00A60F47 /* Release */,
			);
			defaultConfigurationIsVisible = 0;
			defaultConfigurationName = Release;
		};
		56FA8E8A297D7264000AC3A9 /* Build configuration list for PBXNativeTarget "Widget iOS" */ = {
			isa = XCConfigurationList;
			buildConfigurations = (
				56FA8E8B297D7264000AC3A9 /* Debug */,
				56FA8E8C297D7264000AC3A9 /* Release */,
			);
			defaultConfigurationIsVisible = 0;
			defaultConfigurationName = Release;
		};
		CD760241AB469397A387050B /* Build configuration list for PBXNativeTarget "TPNSService" */ = {
			isa = XCConfigurationList;
			buildConfigurations = (
				15E82F15D6A11ADFA59A3640 /* Release */,
				2AAD22D5232439D1C942778E /* Debug */,
			);
			defaultConfigurationIsVisible = 0;
			defaultConfigurationName = Release;
		};
/* End XCConfigurationList section */

/* Begin XCRemoteSwiftPackageReference section */
		56112705298126C100BB66EE /* XCRemoteSwiftPackageReference "SwiftUI-Introspect" */ = {
			isa = XCRemoteSwiftPackageReference;
			repositoryURL = "https://github.com/siteline/SwiftUI-Introspect.git";
			requirement = {
				kind = upToNextMajorVersion;
				minimumVersion = 0.1.4;
			};
		};
		56143F65295EC80D008CE454 /* XCRemoteSwiftPackageReference "SwiftFormat" */ = {
			isa = XCRemoteSwiftPackageReference;
			repositoryURL = "https://github.com/nicklockwood/SwiftFormat";
			requirement = {
				branch = master;
				kind = branch;
			};
		};
		56A7D71629DD20AD00EE7880 /* XCRemoteSwiftPackageReference "LoremSwiftum" */ = {
			isa = XCRemoteSwiftPackageReference;
			repositoryURL = "https://github.com/lukaskubanek/LoremSwiftum";
			requirement = {
				branch = master;
				kind = branch;
			};
		};
		56D175B6294F01EA0070778F /* XCRemoteSwiftPackageReference "FeedKit" */ = {
			isa = XCRemoteSwiftPackageReference;
			repositoryURL = "https://github.com/nmdias/FeedKit";
			requirement = {
				kind = upToNextMajorVersion;
				minimumVersion = 9.0.0;
			};
		};
		56D175BB295044FF0070778F /* XCRemoteSwiftPackageReference "SwiftyJSON" */ = {
			isa = XCRemoteSwiftPackageReference;
			repositoryURL = "https://github.com/SwiftyJSON/SwiftyJSON";
			requirement = {
				kind = upToNextMajorVersion;
				minimumVersion = 5.0.0;
			};
		};
		56E8AD65296F069E009006D0 /* XCRemoteSwiftPackageReference "reeeed" */ = {
			isa = XCRemoteSwiftPackageReference;
			repositoryURL = "https://github.com/tiankaima/reeeed";
			requirement = {
				branch = main;
				kind = branch;
			};
		};
		56F3EAD2296EAF020095AEF4 /* XCRemoteSwiftPackageReference "SwiftSoup" */ = {
			isa = XCRemoteSwiftPackageReference;
			repositoryURL = "https://github.com/scinfu/SwiftSoup.git";
			requirement = {
				kind = upToNextMajorVersion;
				minimumVersion = 2.0.0;
			};
		};
/* End XCRemoteSwiftPackageReference section */

/* Begin XCSwiftPackageProductDependency section */
		56112706298126C100BB66EE /* Introspect */ = {
			isa = XCSwiftPackageProductDependency;
			package = 56112705298126C100BB66EE /* XCRemoteSwiftPackageReference "SwiftUI-Introspect" */;
			productName = Introspect;
		};
		5611272129813A1700BB66EE /* Introspect */ = {
			isa = XCSwiftPackageProductDependency;
			package = 56112705298126C100BB66EE /* XCRemoteSwiftPackageReference "SwiftUI-Introspect" */;
			productName = Introspect;
		};
		5611282129814B7B00BB66EE /* FeedKit */ = {
			isa = XCSwiftPackageProductDependency;
			package = 56D175B6294F01EA0070778F /* XCRemoteSwiftPackageReference "FeedKit" */;
			productName = FeedKit;
		};
		5611282329814B7B00BB66EE /* SwiftyJSON */ = {
			isa = XCSwiftPackageProductDependency;
			package = 56D175BB295044FF0070778F /* XCRemoteSwiftPackageReference "SwiftyJSON" */;
			productName = SwiftyJSON;
		};
		5611282529814B7B00BB66EE /* SwiftFormat */ = {
			isa = XCSwiftPackageProductDependency;
			package = 56143F65295EC80D008CE454 /* XCRemoteSwiftPackageReference "SwiftFormat" */;
			productName = SwiftFormat;
		};
		5611282729814B7B00BB66EE /* SwiftSoup */ = {
			isa = XCSwiftPackageProductDependency;
			package = 56F3EAD2296EAF020095AEF4 /* XCRemoteSwiftPackageReference "SwiftSoup" */;
			productName = SwiftSoup;
		};
		5611282929814B7B00BB66EE /* Reeeed */ = {
			isa = XCSwiftPackageProductDependency;
			package = 56E8AD65296F069E009006D0 /* XCRemoteSwiftPackageReference "reeeed" */;
			productName = Reeeed;
		};
		5611282B29814B7B00BB66EE /* Introspect */ = {
			isa = XCSwiftPackageProductDependency;
			package = 56112705298126C100BB66EE /* XCRemoteSwiftPackageReference "SwiftUI-Introspect" */;
			productName = Introspect;
		};
		569CFE43297D87620072C094 /* SwiftyJSON */ = {
			isa = XCSwiftPackageProductDependency;
			package = 56D175BB295044FF0070778F /* XCRemoteSwiftPackageReference "SwiftyJSON" */;
			productName = SwiftyJSON;
		};
		569CFE45297D87640072C094 /* SwiftFormat */ = {
			isa = XCSwiftPackageProductDependency;
			package = 56143F65295EC80D008CE454 /* XCRemoteSwiftPackageReference "SwiftFormat" */;
			productName = SwiftFormat;
		};
		569CFE47297D87660072C094 /* SwiftSoup */ = {
			isa = XCSwiftPackageProductDependency;
			package = 56F3EAD2296EAF020095AEF4 /* XCRemoteSwiftPackageReference "SwiftSoup" */;
			productName = SwiftSoup;
		};
		569CFE49297D87690072C094 /* Reeeed */ = {
			isa = XCSwiftPackageProductDependency;
			package = 56E8AD65296F069E009006D0 /* XCRemoteSwiftPackageReference "reeeed" */;
			productName = Reeeed;
		};
		56A7D71729DD20AD00EE7880 /* LoremSwiftum */ = {
			isa = XCSwiftPackageProductDependency;
			package = 56A7D71629DD20AD00EE7880 /* XCRemoteSwiftPackageReference "LoremSwiftum" */;
			productName = LoremSwiftum;
		};
		56D175B7294F01EA0070778F /* FeedKit */ = {
			isa = XCSwiftPackageProductDependency;
			package = 56D175B6294F01EA0070778F /* XCRemoteSwiftPackageReference "FeedKit" */;
			productName = FeedKit;
		};
		56D175BC295044FF0070778F /* SwiftyJSON */ = {
			isa = XCSwiftPackageProductDependency;
			package = 56D175BB295044FF0070778F /* XCRemoteSwiftPackageReference "SwiftyJSON" */;
			productName = SwiftyJSON;
		};
		56E8AD66296F069E009006D0 /* Reeeed */ = {
			isa = XCSwiftPackageProductDependency;
			package = 56E8AD65296F069E009006D0 /* XCRemoteSwiftPackageReference "reeeed" */;
			productName = Reeeed;
		};
		56F3EAD3296EAF020095AEF4 /* SwiftSoup */ = {
			isa = XCSwiftPackageProductDependency;
			package = 56F3EAD2296EAF020095AEF4 /* XCRemoteSwiftPackageReference "SwiftSoup" */;
			productName = SwiftSoup;
		};
/* End XCSwiftPackageProductDependency section */
	};
	rootObject = 56AC72F4294A012600A60F47 /* Project object */;
}
